
Microsoft Visual Studio Solution File, Format Version 12.00
# Visual Studio 15
VisualStudioVersion = 15.0.27428.2037
MinimumVisualStudioVersion = 10.0.40219.1
Project("{FAE04EC0-301F-11D3-BF4B-00C04F79EFBC}") = "2.1", "..\2.1\2.1.csproj", "{DFC7317F-6538-4BC7-B9FE-9DBDD246EBCF}"
EndProject
Project("{FAE04EC0-301F-11D3-BF4B-00C04F79EFBC}") = "Practice2", "practice2\Practice2.csproj", "{688309F5-362B-486C-A825-FDB8787A827B}"
EndProject
Project("{FAE04EC0-301F-11D3-BF4B-00C04F79EFBC}") = "3.1", "3.1\3.1.csproj", "{0D12A8D2-3A2E-4A8B-B793-1DB5D99C0D15}"
EndProject
Project("{FAE04EC0-301F-11D3-BF4B-00C04F79EFBC}") = "3.2", "3.2\3.2.csproj", "{C539457B-218D-46EB-9FBC-335448F4D711}"
EndProject
Project("{FAE04EC0-301F-11D3-BF4B-00C04F79EFBC}") = "3.3", "3.3\3.3.csproj", "{4C0D8B71-4FCD-4DB7-B723-E2074B9CD2FA}"
EndProject
Project("{FAE04EC0-301F-11D3-BF4B-00C04F79EFBC}") = "3.4", "3.4\3.4.csproj", "{A56D61F3-BB0D-4C6A-B88C-7B4B4D4D9380}"
EndProject
Project("{FAE04EC0-301F-11D3-BF4B-00C04F79EFBC}") = "3.5", "3.5\3.5.csproj", "{DC28D187-8269-4D94-B907-633AA7EC37DC}"
EndProject
Project("{FAE04EC0-301F-11D3-BF4B-00C04F79EFBC}") = "4.1", "4.1\4.1.csproj", "{27634434-779C-4A7D-8EAF-194814039F98}"
EndProject
Project("{FAE04EC0-301F-11D3-BF4B-00C04F79EFBC}") = "4.2", "4.2\4.2.csproj", "{6802D426-3378-4C33-8065-17F4BF15906A}"
EndProject
Project("{FAE04EC0-301F-11D3-BF4B-00C04F79EFBC}") = "4.3", "4.3\4.3.csproj", "{84C8C266-5D9E-4B63-A9DC-C1DB489123F0}"
EndProject
Project("{FAE04EC0-301F-11D3-BF4B-00C04F79EFBC}") = "4.4", "4.4\4.4.csproj", "{8EBEEB2D-DFCC-4F8C-8B96-2555DCDD742C}"
EndProject
Project("{FAE04EC0-301F-11D3-BF4B-00C04F79EFBC}") = "4.5", "4.5\4.5.csproj", "{8F3DC2E8-1E1E-42AE-A5B9-815298E40097}"
EndProject
Project("{FAE04EC0-301F-11D3-BF4B-00C04F79EFBC}") = "4.6", "4.6\4.6.csproj", "{3D887005-F575-48F8-8382-84558FFC7594}"
EndProject
Project("{FAE04EC0-301F-11D3-BF4B-00C04F79EFBC}") = "4.7", "4.7\4.7.csproj", "{3492623C-573A-40BA-A46E-131FBB38A004}"
EndProject
Project("{FAE04EC0-301F-11D3-BF4B-00C04F79EFBC}") = "4.8", "4.8\4.8.csproj", "{030AA516-AE89-407D-BC56-D40ED0E22B5C}"
EndProject
Project("{FAE04EC0-301F-11D3-BF4B-00C04F79EFBC}") = "4.9", "4.9\4.9.csproj", "{4F9255B4-27AA-4603-9471-2659A17F26F4}"
EndProject
Project("{FAE04EC0-301F-11D3-BF4B-00C04F79EFBC}") = "4.8(2)", "4.8(2)\4.8(2).csproj", "{03754527-977E-404E-AF30-24A3E35FB898}"
EndProject
Project("{FAE04EC0-301F-11D3-BF4B-00C04F79EFBC}") = "4.10", "4.10\4.10.csproj", "{48A86D26-3AED-4B0B-86E4-1556A80B4890}"
EndProject
Project("{FAE04EC0-301F-11D3-BF4B-00C04F79EFBC}") = "4.11", "4.11\4.11.csproj", "{3F02CE03-B975-4546-89B0-31B75DE5A4BE}"
EndProject
Project("{FAE04EC0-301F-11D3-BF4B-00C04F79EFBC}") = "4.12", "4.12\4.12.csproj", "{02FAFFD8-EF6A-49D2-80AB-DA32305B5706}"
EndProject
Project("{FAE04EC0-301F-11D3-BF4B-00C04F79EFBC}") = "4.13", "4.13\4.13.csproj", "{A0F00FD3-2A71-4952-A22A-6059FF24D9EA}"
EndProject
Project("{FAE04EC0-301F-11D3-BF4B-00C04F79EFBC}") = "4.14", "4.14\4.14.csproj", "{D642E94C-45D7-4A68-A40B-253FECC1C0A3}"
EndProject
Project("{FAE04EC0-301F-11D3-BF4B-00C04F79EFBC}") = "4.16", "4.16\4.16.csproj", "{0F9C5D19-B0B1-4BCA-9670-6945CC52078C}"
EndProject
Project("{FAE04EC0-301F-11D3-BF4B-00C04F79EFBC}") = "4.17", "4.17\4.17.csproj", "{44A88641-CB33-47DB-B65A-4A813348A835}"
EndProject
Project("{FAE04EC0-301F-11D3-BF4B-00C04F79EFBC}") = "4.18", "4.18\4.18.csproj", "{7FD4E5BA-53A3-44AF-9334-AD1D3750B83B}"
EndProject
Project("{FAE04EC0-301F-11D3-BF4B-00C04F79EFBC}") = "5.1", "5.1\5.1.csproj", "{E42EABDB-362E-4890-B326-E578AA4DD8F3}"
EndProject
Project("{FAE04EC0-301F-11D3-BF4B-00C04F79EFBC}") = "5.2", "5.2\5.2.csproj", "{84488224-8957-4E66-B0E6-3A946AD9EBEC}"
EndProject
Project("{FAE04EC0-301F-11D3-BF4B-00C04F79EFBC}") = "5.3", "5.3\5.3.csproj", "{E79CF615-9BD3-4E25-92D5-CBCD7610C1C6}"
EndProject
Project("{FAE04EC0-301F-11D3-BF4B-00C04F79EFBC}") = "5.4", "5.4\5.4.csproj", "{C6E9CB66-402B-4D51-8191-7B53C12B81C5}"
EndProject
Project("{FAE04EC0-301F-11D3-BF4B-00C04F79EFBC}") = "5.5", "5.5\5.5.csproj", "{370ED7B0-F7F2-4CC4-9409-CE7DF6EEBA22}"
EndProject
Project("{FAE04EC0-301F-11D3-BF4B-00C04F79EFBC}") = "5.6", "5.6\5.6.csproj", "{25763FE6-747F-47A6-89CF-15CCBF915127}"
EndProject
Project("{FAE04EC0-301F-11D3-BF4B-00C04F79EFBC}") = "5.7", "5.7\5.7.csproj", "{B5D3CD55-B811-4198-B2E6-EE116D5F709C}"
EndProject
Project("{FAE04EC0-301F-11D3-BF4B-00C04F79EFBC}") = "5.8", "5.8\5.8.csproj", "{6DE385A6-16D6-4281-9901-E75195A331D2}"
EndProject
Project("{FAE04EC0-301F-11D3-BF4B-00C04F79EFBC}") = "6.1", "6.1\6.1.csproj", "{B8D58236-01F5-4178-9F9A-3EE9A1011855}"
EndProject
Project("{FAE04EC0-301F-11D3-BF4B-00C04F79EFBC}") = "6.2", "6.2\6.2.csproj", "{985FC7C7-7D4E-49AD-8D9D-EB620C0B3771}"
EndProject
Project("{FAE04EC0-301F-11D3-BF4B-00C04F79EFBC}") = "6.3", "6.3\6.3.csproj", "{0DF50871-F84E-450C-AA88-214260E38995}"
EndProject
Project("{FAE04EC0-301F-11D3-BF4B-00C04F79EFBC}") = "6.4", "6.4\6.4.csproj", "{61EF3FDB-7B12-4742-AB95-D40A108E91CE}"
EndProject
Project("{FAE04EC0-301F-11D3-BF4B-00C04F79EFBC}") = "6.5", "6.5\6.5.csproj", "{91AC5176-D58D-4034-AB4C-C55D42E27E1D}"
EndProject
Project("{FAE04EC0-301F-11D3-BF4B-00C04F79EFBC}") = "6.6", "6.6\6.6.csproj", "{7F3C5CCD-3713-46D5-9891-E80FC993751C}"
EndProject
Project("{FAE04EC0-301F-11D3-BF4B-00C04F79EFBC}") = "6.7", "6.7\6.7.csproj", "{27397C62-3482-4061-B746-445713FD0835}"
EndProject
Project("{FAE04EC0-301F-11D3-BF4B-00C04F79EFBC}") = "6.8", "6.8\6.8.csproj", "{B1016EBC-A5DE-4936-A175-F0CA2329E905}"
EndProject
Project("{FAE04EC0-301F-11D3-BF4B-00C04F79EFBC}") = "6.9", "6.9\6.9.csproj", "{9ABD0B10-4A39-4112-BAA4-BB5CDB9A07AD}"
EndProject
Project("{FAE04EC0-301F-11D3-BF4B-00C04F79EFBC}") = "6.10", "6.10\6.10.csproj", "{50AAE618-4172-4B13-BD45-7584ACCF5249}"
EndProject
Project("{FAE04EC0-301F-11D3-BF4B-00C04F79EFBC}") = "6.11", "6.11\6.11.csproj", "{98788182-0E60-4355-8526-CE467578ED7A}"
EndProject
Project("{FAE04EC0-301F-11D3-BF4B-00C04F79EFBC}") = "6.12", "6.12\6.12.csproj", "{1BF984C6-94CB-4E32-BD14-D82AA2319B01}"
EndProject
Project("{FAE04EC0-301F-11D3-BF4B-00C04F79EFBC}") = "6.13", "6.13\6.13.csproj", "{15D81E1D-6E42-45E2-B54C-DC5368921C9B}"
EndProject
Project("{FAE04EC0-301F-11D3-BF4B-00C04F79EFBC}") = "6.14", "6.14\6.14.csproj", "{0CB5B668-6524-4209-A597-E629D74C703D}"
EndProject
Project("{FAE04EC0-301F-11D3-BF4B-00C04F79EFBC}") = "6.15", "6.15\6.15.csproj", "{CDF2EDC8-573E-49B3-9BD9-200A51D4C646}"
EndProject
Project("{FAE04EC0-301F-11D3-BF4B-00C04F79EFBC}") = "6.16", "6.16\6.16.csproj", "{7F0EBD25-86CD-472D-A3F7-D7FB6DE97E6B}"
EndProject
Project("{FAE04EC0-301F-11D3-BF4B-00C04F79EFBC}") = "6.17", "6.17\6.17.csproj", "{F8E360F7-9881-4236-8A30-9458F865E58C}"
EndProject
Project("{FAE04EC0-301F-11D3-BF4B-00C04F79EFBC}") = "6.18", "6.18\6.18.csproj", "{05FB78B1-B6F7-4CD1-96A4-28F66149C849}"
EndProject
Project("{FAE04EC0-301F-11D3-BF4B-00C04F79EFBC}") = "6.19", "6.19\6.19.csproj", "{7F271036-9B4E-4CB4-BFA6-E8E6D8E4C4DC}"
EndProject
Project("{FAE04EC0-301F-11D3-BF4B-00C04F79EFBC}") = "6.20", "6.20\6.20.csproj", "{53046968-E6CF-424A-ADEF-A319232E0C15}"
EndProject
Project("{FAE04EC0-301F-11D3-BF4B-00C04F79EFBC}") = "6.21", "6.21\6.21.csproj", "{854CA77F-8AEE-43F2-9E80-5166275A8F6A}"
EndProject
Project("{FAE04EC0-301F-11D3-BF4B-00C04F79EFBC}") = "6.22", "6.22\6.22.csproj", "{41600525-6C20-460F-9CED-75C0167C9005}"
EndProject
Project("{FAE04EC0-301F-11D3-BF4B-00C04F79EFBC}") = "6.23", "6.23\6.23.csproj", "{AAD333C3-6DC8-41FF-BC6F-E848D9D36C70}"
EndProject
Project("{FAE04EC0-301F-11D3-BF4B-00C04F79EFBC}") = "6.24", "6.24\6.24.csproj", "{CA6DD378-0544-4197-A2B2-7979BC444D19}"
EndProject
Project("{FAE04EC0-301F-11D3-BF4B-00C04F79EFBC}") = "6.25", "6.25\6.25.csproj", "{7789951F-6505-4E9A-A796-54A5E1DBDCFC}"
EndProject
Project("{FAE04EC0-301F-11D3-BF4B-00C04F79EFBC}") = "6.26", "6.26\6.26.csproj", "{26877F70-487F-4D88-A8F5-F39FE0BC43F5}"
EndProject
Project("{FAE04EC0-301F-11D3-BF4B-00C04F79EFBC}") = "6.27", "6.27\6.27.csproj", "{BAF83B13-AAC5-4E3D-8F44-C3D56894ECDB}"
EndProject
Project("{FAE04EC0-301F-11D3-BF4B-00C04F79EFBC}") = "6.28", "6.28\6.28.csproj", "{10BF244B-7CB7-4271-8E76-8E0BE720B50C}"
EndProject
Project("{FAE04EC0-301F-11D3-BF4B-00C04F79EFBC}") = "6.29", "6.29\6.29.csproj", "{F82F4D3D-8353-4218-8518-2F6C8532A3D8}"
EndProject
Global
	GlobalSection(SolutionConfigurationPlatforms) = preSolution
		Debug|Any CPU = Debug|Any CPU
		Debug|x64 = Debug|x64
		Debug|x86 = Debug|x86
		Release|Any CPU = Release|Any CPU
		Release|x64 = Release|x64
		Release|x86 = Release|x86
	EndGlobalSection
	GlobalSection(ProjectConfigurationPlatforms) = postSolution
		{DFC7317F-6538-4BC7-B9FE-9DBDD246EBCF}.Debug|Any CPU.ActiveCfg = Debug|Any CPU
		{DFC7317F-6538-4BC7-B9FE-9DBDD246EBCF}.Debug|Any CPU.Build.0 = Debug|Any CPU
		{DFC7317F-6538-4BC7-B9FE-9DBDD246EBCF}.Debug|x64.ActiveCfg = Debug|Any CPU
		{DFC7317F-6538-4BC7-B9FE-9DBDD246EBCF}.Debug|x86.ActiveCfg = Debug|Any CPU
		{DFC7317F-6538-4BC7-B9FE-9DBDD246EBCF}.Release|Any CPU.ActiveCfg = Release|Any CPU
		{DFC7317F-6538-4BC7-B9FE-9DBDD246EBCF}.Release|Any CPU.Build.0 = Release|Any CPU
		{DFC7317F-6538-4BC7-B9FE-9DBDD246EBCF}.Release|x64.ActiveCfg = Release|Any CPU
		{DFC7317F-6538-4BC7-B9FE-9DBDD246EBCF}.Release|x86.ActiveCfg = Release|Any CPU
		{688309F5-362B-486C-A825-FDB8787A827B}.Debug|Any CPU.ActiveCfg = Debug|Any CPU
		{688309F5-362B-486C-A825-FDB8787A827B}.Debug|Any CPU.Build.0 = Debug|Any CPU
		{688309F5-362B-486C-A825-FDB8787A827B}.Debug|x64.ActiveCfg = Debug|Any CPU
		{688309F5-362B-486C-A825-FDB8787A827B}.Debug|x86.ActiveCfg = Debug|Any CPU
		{688309F5-362B-486C-A825-FDB8787A827B}.Release|Any CPU.ActiveCfg = Release|Any CPU
		{688309F5-362B-486C-A825-FDB8787A827B}.Release|Any CPU.Build.0 = Release|Any CPU
		{688309F5-362B-486C-A825-FDB8787A827B}.Release|x64.ActiveCfg = Release|Any CPU
		{688309F5-362B-486C-A825-FDB8787A827B}.Release|x86.ActiveCfg = Release|Any CPU
		{0D12A8D2-3A2E-4A8B-B793-1DB5D99C0D15}.Debug|Any CPU.ActiveCfg = Debug|Any CPU
		{0D12A8D2-3A2E-4A8B-B793-1DB5D99C0D15}.Debug|Any CPU.Build.0 = Debug|Any CPU
		{0D12A8D2-3A2E-4A8B-B793-1DB5D99C0D15}.Debug|x64.ActiveCfg = Debug|Any CPU
		{0D12A8D2-3A2E-4A8B-B793-1DB5D99C0D15}.Debug|x64.Build.0 = Debug|Any CPU
		{0D12A8D2-3A2E-4A8B-B793-1DB5D99C0D15}.Debug|x86.ActiveCfg = Debug|Any CPU
		{0D12A8D2-3A2E-4A8B-B793-1DB5D99C0D15}.Debug|x86.Build.0 = Debug|Any CPU
		{0D12A8D2-3A2E-4A8B-B793-1DB5D99C0D15}.Release|Any CPU.ActiveCfg = Release|Any CPU
		{0D12A8D2-3A2E-4A8B-B793-1DB5D99C0D15}.Release|Any CPU.Build.0 = Release|Any CPU
		{0D12A8D2-3A2E-4A8B-B793-1DB5D99C0D15}.Release|x64.ActiveCfg = Release|Any CPU
		{0D12A8D2-3A2E-4A8B-B793-1DB5D99C0D15}.Release|x64.Build.0 = Release|Any CPU
		{0D12A8D2-3A2E-4A8B-B793-1DB5D99C0D15}.Release|x86.ActiveCfg = Release|Any CPU
		{0D12A8D2-3A2E-4A8B-B793-1DB5D99C0D15}.Release|x86.Build.0 = Release|Any CPU
		{C539457B-218D-46EB-9FBC-335448F4D711}.Debug|Any CPU.ActiveCfg = Debug|Any CPU
		{C539457B-218D-46EB-9FBC-335448F4D711}.Debug|Any CPU.Build.0 = Debug|Any CPU
		{C539457B-218D-46EB-9FBC-335448F4D711}.Debug|x64.ActiveCfg = Debug|Any CPU
		{C539457B-218D-46EB-9FBC-335448F4D711}.Debug|x64.Build.0 = Debug|Any CPU
		{C539457B-218D-46EB-9FBC-335448F4D711}.Debug|x86.ActiveCfg = Debug|Any CPU
		{C539457B-218D-46EB-9FBC-335448F4D711}.Debug|x86.Build.0 = Debug|Any CPU
		{C539457B-218D-46EB-9FBC-335448F4D711}.Release|Any CPU.ActiveCfg = Release|Any CPU
		{C539457B-218D-46EB-9FBC-335448F4D711}.Release|Any CPU.Build.0 = Release|Any CPU
		{C539457B-218D-46EB-9FBC-335448F4D711}.Release|x64.ActiveCfg = Release|Any CPU
		{C539457B-218D-46EB-9FBC-335448F4D711}.Release|x64.Build.0 = Release|Any CPU
		{C539457B-218D-46EB-9FBC-335448F4D711}.Release|x86.ActiveCfg = Release|Any CPU
		{C539457B-218D-46EB-9FBC-335448F4D711}.Release|x86.Build.0 = Release|Any CPU
		{4C0D8B71-4FCD-4DB7-B723-E2074B9CD2FA}.Debug|Any CPU.ActiveCfg = Debug|Any CPU
		{4C0D8B71-4FCD-4DB7-B723-E2074B9CD2FA}.Debug|Any CPU.Build.0 = Debug|Any CPU
		{4C0D8B71-4FCD-4DB7-B723-E2074B9CD2FA}.Debug|x64.ActiveCfg = Debug|Any CPU
		{4C0D8B71-4FCD-4DB7-B723-E2074B9CD2FA}.Debug|x64.Build.0 = Debug|Any CPU
		{4C0D8B71-4FCD-4DB7-B723-E2074B9CD2FA}.Debug|x86.ActiveCfg = Debug|Any CPU
		{4C0D8B71-4FCD-4DB7-B723-E2074B9CD2FA}.Debug|x86.Build.0 = Debug|Any CPU
		{4C0D8B71-4FCD-4DB7-B723-E2074B9CD2FA}.Release|Any CPU.ActiveCfg = Release|Any CPU
		{4C0D8B71-4FCD-4DB7-B723-E2074B9CD2FA}.Release|Any CPU.Build.0 = Release|Any CPU
		{4C0D8B71-4FCD-4DB7-B723-E2074B9CD2FA}.Release|x64.ActiveCfg = Release|Any CPU
		{4C0D8B71-4FCD-4DB7-B723-E2074B9CD2FA}.Release|x64.Build.0 = Release|Any CPU
		{4C0D8B71-4FCD-4DB7-B723-E2074B9CD2FA}.Release|x86.ActiveCfg = Release|Any CPU
		{4C0D8B71-4FCD-4DB7-B723-E2074B9CD2FA}.Release|x86.Build.0 = Release|Any CPU
		{A56D61F3-BB0D-4C6A-B88C-7B4B4D4D9380}.Debug|Any CPU.ActiveCfg = Debug|Any CPU
		{A56D61F3-BB0D-4C6A-B88C-7B4B4D4D9380}.Debug|Any CPU.Build.0 = Debug|Any CPU
		{A56D61F3-BB0D-4C6A-B88C-7B4B4D4D9380}.Debug|x64.ActiveCfg = Debug|Any CPU
		{A56D61F3-BB0D-4C6A-B88C-7B4B4D4D9380}.Debug|x64.Build.0 = Debug|Any CPU
		{A56D61F3-BB0D-4C6A-B88C-7B4B4D4D9380}.Debug|x86.ActiveCfg = Debug|Any CPU
		{A56D61F3-BB0D-4C6A-B88C-7B4B4D4D9380}.Debug|x86.Build.0 = Debug|Any CPU
		{A56D61F3-BB0D-4C6A-B88C-7B4B4D4D9380}.Release|Any CPU.ActiveCfg = Release|Any CPU
		{A56D61F3-BB0D-4C6A-B88C-7B4B4D4D9380}.Release|Any CPU.Build.0 = Release|Any CPU
		{A56D61F3-BB0D-4C6A-B88C-7B4B4D4D9380}.Release|x64.ActiveCfg = Release|Any CPU
		{A56D61F3-BB0D-4C6A-B88C-7B4B4D4D9380}.Release|x64.Build.0 = Release|Any CPU
		{A56D61F3-BB0D-4C6A-B88C-7B4B4D4D9380}.Release|x86.ActiveCfg = Release|Any CPU
		{A56D61F3-BB0D-4C6A-B88C-7B4B4D4D9380}.Release|x86.Build.0 = Release|Any CPU
		{DC28D187-8269-4D94-B907-633AA7EC37DC}.Debug|Any CPU.ActiveCfg = Debug|Any CPU
		{DC28D187-8269-4D94-B907-633AA7EC37DC}.Debug|Any CPU.Build.0 = Debug|Any CPU
		{DC28D187-8269-4D94-B907-633AA7EC37DC}.Debug|x64.ActiveCfg = Debug|Any CPU
		{DC28D187-8269-4D94-B907-633AA7EC37DC}.Debug|x64.Build.0 = Debug|Any CPU
		{DC28D187-8269-4D94-B907-633AA7EC37DC}.Debug|x86.ActiveCfg = Debug|Any CPU
		{DC28D187-8269-4D94-B907-633AA7EC37DC}.Debug|x86.Build.0 = Debug|Any CPU
		{DC28D187-8269-4D94-B907-633AA7EC37DC}.Release|Any CPU.ActiveCfg = Release|Any CPU
		{DC28D187-8269-4D94-B907-633AA7EC37DC}.Release|Any CPU.Build.0 = Release|Any CPU
		{DC28D187-8269-4D94-B907-633AA7EC37DC}.Release|x64.ActiveCfg = Release|Any CPU
		{DC28D187-8269-4D94-B907-633AA7EC37DC}.Release|x64.Build.0 = Release|Any CPU
		{DC28D187-8269-4D94-B907-633AA7EC37DC}.Release|x86.ActiveCfg = Release|Any CPU
		{DC28D187-8269-4D94-B907-633AA7EC37DC}.Release|x86.Build.0 = Release|Any CPU
		{27634434-779C-4A7D-8EAF-194814039F98}.Debug|Any CPU.ActiveCfg = Debug|Any CPU
		{27634434-779C-4A7D-8EAF-194814039F98}.Debug|Any CPU.Build.0 = Debug|Any CPU
		{27634434-779C-4A7D-8EAF-194814039F98}.Debug|x64.ActiveCfg = Debug|Any CPU
		{27634434-779C-4A7D-8EAF-194814039F98}.Debug|x64.Build.0 = Debug|Any CPU
		{27634434-779C-4A7D-8EAF-194814039F98}.Debug|x86.ActiveCfg = Debug|Any CPU
		{27634434-779C-4A7D-8EAF-194814039F98}.Debug|x86.Build.0 = Debug|Any CPU
		{27634434-779C-4A7D-8EAF-194814039F98}.Release|Any CPU.ActiveCfg = Release|Any CPU
		{27634434-779C-4A7D-8EAF-194814039F98}.Release|Any CPU.Build.0 = Release|Any CPU
		{27634434-779C-4A7D-8EAF-194814039F98}.Release|x64.ActiveCfg = Release|Any CPU
		{27634434-779C-4A7D-8EAF-194814039F98}.Release|x64.Build.0 = Release|Any CPU
		{27634434-779C-4A7D-8EAF-194814039F98}.Release|x86.ActiveCfg = Release|Any CPU
		{27634434-779C-4A7D-8EAF-194814039F98}.Release|x86.Build.0 = Release|Any CPU
		{6802D426-3378-4C33-8065-17F4BF15906A}.Debug|Any CPU.ActiveCfg = Debug|Any CPU
		{6802D426-3378-4C33-8065-17F4BF15906A}.Debug|Any CPU.Build.0 = Debug|Any CPU
		{6802D426-3378-4C33-8065-17F4BF15906A}.Debug|x64.ActiveCfg = Debug|Any CPU
		{6802D426-3378-4C33-8065-17F4BF15906A}.Debug|x64.Build.0 = Debug|Any CPU
		{6802D426-3378-4C33-8065-17F4BF15906A}.Debug|x86.ActiveCfg = Debug|Any CPU
		{6802D426-3378-4C33-8065-17F4BF15906A}.Debug|x86.Build.0 = Debug|Any CPU
		{6802D426-3378-4C33-8065-17F4BF15906A}.Release|Any CPU.ActiveCfg = Release|Any CPU
		{6802D426-3378-4C33-8065-17F4BF15906A}.Release|Any CPU.Build.0 = Release|Any CPU
		{6802D426-3378-4C33-8065-17F4BF15906A}.Release|x64.ActiveCfg = Release|Any CPU
		{6802D426-3378-4C33-8065-17F4BF15906A}.Release|x64.Build.0 = Release|Any CPU
		{6802D426-3378-4C33-8065-17F4BF15906A}.Release|x86.ActiveCfg = Release|Any CPU
		{6802D426-3378-4C33-8065-17F4BF15906A}.Release|x86.Build.0 = Release|Any CPU
		{84C8C266-5D9E-4B63-A9DC-C1DB489123F0}.Debug|Any CPU.ActiveCfg = Debug|Any CPU
		{84C8C266-5D9E-4B63-A9DC-C1DB489123F0}.Debug|Any CPU.Build.0 = Debug|Any CPU
		{84C8C266-5D9E-4B63-A9DC-C1DB489123F0}.Debug|x64.ActiveCfg = Debug|Any CPU
		{84C8C266-5D9E-4B63-A9DC-C1DB489123F0}.Debug|x64.Build.0 = Debug|Any CPU
		{84C8C266-5D9E-4B63-A9DC-C1DB489123F0}.Debug|x86.ActiveCfg = Debug|Any CPU
		{84C8C266-5D9E-4B63-A9DC-C1DB489123F0}.Debug|x86.Build.0 = Debug|Any CPU
		{84C8C266-5D9E-4B63-A9DC-C1DB489123F0}.Release|Any CPU.ActiveCfg = Release|Any CPU
		{84C8C266-5D9E-4B63-A9DC-C1DB489123F0}.Release|Any CPU.Build.0 = Release|Any CPU
		{84C8C266-5D9E-4B63-A9DC-C1DB489123F0}.Release|x64.ActiveCfg = Release|Any CPU
		{84C8C266-5D9E-4B63-A9DC-C1DB489123F0}.Release|x64.Build.0 = Release|Any CPU
		{84C8C266-5D9E-4B63-A9DC-C1DB489123F0}.Release|x86.ActiveCfg = Release|Any CPU
		{84C8C266-5D9E-4B63-A9DC-C1DB489123F0}.Release|x86.Build.0 = Release|Any CPU
		{8EBEEB2D-DFCC-4F8C-8B96-2555DCDD742C}.Debug|Any CPU.ActiveCfg = Debug|Any CPU
		{8EBEEB2D-DFCC-4F8C-8B96-2555DCDD742C}.Debug|Any CPU.Build.0 = Debug|Any CPU
		{8EBEEB2D-DFCC-4F8C-8B96-2555DCDD742C}.Debug|x64.ActiveCfg = Debug|Any CPU
		{8EBEEB2D-DFCC-4F8C-8B96-2555DCDD742C}.Debug|x64.Build.0 = Debug|Any CPU
		{8EBEEB2D-DFCC-4F8C-8B96-2555DCDD742C}.Debug|x86.ActiveCfg = Debug|Any CPU
		{8EBEEB2D-DFCC-4F8C-8B96-2555DCDD742C}.Debug|x86.Build.0 = Debug|Any CPU
		{8EBEEB2D-DFCC-4F8C-8B96-2555DCDD742C}.Release|Any CPU.ActiveCfg = Release|Any CPU
		{8EBEEB2D-DFCC-4F8C-8B96-2555DCDD742C}.Release|Any CPU.Build.0 = Release|Any CPU
		{8EBEEB2D-DFCC-4F8C-8B96-2555DCDD742C}.Release|x64.ActiveCfg = Release|Any CPU
		{8EBEEB2D-DFCC-4F8C-8B96-2555DCDD742C}.Release|x64.Build.0 = Release|Any CPU
		{8EBEEB2D-DFCC-4F8C-8B96-2555DCDD742C}.Release|x86.ActiveCfg = Release|Any CPU
		{8EBEEB2D-DFCC-4F8C-8B96-2555DCDD742C}.Release|x86.Build.0 = Release|Any CPU
		{8F3DC2E8-1E1E-42AE-A5B9-815298E40097}.Debug|Any CPU.ActiveCfg = Debug|Any CPU
		{8F3DC2E8-1E1E-42AE-A5B9-815298E40097}.Debug|Any CPU.Build.0 = Debug|Any CPU
		{8F3DC2E8-1E1E-42AE-A5B9-815298E40097}.Debug|x64.ActiveCfg = Debug|Any CPU
		{8F3DC2E8-1E1E-42AE-A5B9-815298E40097}.Debug|x64.Build.0 = Debug|Any CPU
		{8F3DC2E8-1E1E-42AE-A5B9-815298E40097}.Debug|x86.ActiveCfg = Debug|Any CPU
		{8F3DC2E8-1E1E-42AE-A5B9-815298E40097}.Debug|x86.Build.0 = Debug|Any CPU
		{8F3DC2E8-1E1E-42AE-A5B9-815298E40097}.Release|Any CPU.ActiveCfg = Release|Any CPU
		{8F3DC2E8-1E1E-42AE-A5B9-815298E40097}.Release|Any CPU.Build.0 = Release|Any CPU
		{8F3DC2E8-1E1E-42AE-A5B9-815298E40097}.Release|x64.ActiveCfg = Release|Any CPU
		{8F3DC2E8-1E1E-42AE-A5B9-815298E40097}.Release|x64.Build.0 = Release|Any CPU
		{8F3DC2E8-1E1E-42AE-A5B9-815298E40097}.Release|x86.ActiveCfg = Release|Any CPU
		{8F3DC2E8-1E1E-42AE-A5B9-815298E40097}.Release|x86.Build.0 = Release|Any CPU
		{3D887005-F575-48F8-8382-84558FFC7594}.Debug|Any CPU.ActiveCfg = Debug|Any CPU
		{3D887005-F575-48F8-8382-84558FFC7594}.Debug|Any CPU.Build.0 = Debug|Any CPU
		{3D887005-F575-48F8-8382-84558FFC7594}.Debug|x64.ActiveCfg = Debug|Any CPU
		{3D887005-F575-48F8-8382-84558FFC7594}.Debug|x64.Build.0 = Debug|Any CPU
		{3D887005-F575-48F8-8382-84558FFC7594}.Debug|x86.ActiveCfg = Debug|Any CPU
		{3D887005-F575-48F8-8382-84558FFC7594}.Debug|x86.Build.0 = Debug|Any CPU
		{3D887005-F575-48F8-8382-84558FFC7594}.Release|Any CPU.ActiveCfg = Release|Any CPU
		{3D887005-F575-48F8-8382-84558FFC7594}.Release|Any CPU.Build.0 = Release|Any CPU
		{3D887005-F575-48F8-8382-84558FFC7594}.Release|x64.ActiveCfg = Release|Any CPU
		{3D887005-F575-48F8-8382-84558FFC7594}.Release|x64.Build.0 = Release|Any CPU
		{3D887005-F575-48F8-8382-84558FFC7594}.Release|x86.ActiveCfg = Release|Any CPU
		{3D887005-F575-48F8-8382-84558FFC7594}.Release|x86.Build.0 = Release|Any CPU
		{3492623C-573A-40BA-A46E-131FBB38A004}.Debug|Any CPU.ActiveCfg = Debug|Any CPU
		{3492623C-573A-40BA-A46E-131FBB38A004}.Debug|Any CPU.Build.0 = Debug|Any CPU
		{3492623C-573A-40BA-A46E-131FBB38A004}.Debug|x64.ActiveCfg = Debug|Any CPU
		{3492623C-573A-40BA-A46E-131FBB38A004}.Debug|x64.Build.0 = Debug|Any CPU
		{3492623C-573A-40BA-A46E-131FBB38A004}.Debug|x86.ActiveCfg = Debug|Any CPU
		{3492623C-573A-40BA-A46E-131FBB38A004}.Debug|x86.Build.0 = Debug|Any CPU
		{3492623C-573A-40BA-A46E-131FBB38A004}.Release|Any CPU.ActiveCfg = Release|Any CPU
		{3492623C-573A-40BA-A46E-131FBB38A004}.Release|Any CPU.Build.0 = Release|Any CPU
		{3492623C-573A-40BA-A46E-131FBB38A004}.Release|x64.ActiveCfg = Release|Any CPU
		{3492623C-573A-40BA-A46E-131FBB38A004}.Release|x64.Build.0 = Release|Any CPU
		{3492623C-573A-40BA-A46E-131FBB38A004}.Release|x86.ActiveCfg = Release|Any CPU
		{3492623C-573A-40BA-A46E-131FBB38A004}.Release|x86.Build.0 = Release|Any CPU
		{030AA516-AE89-407D-BC56-D40ED0E22B5C}.Debug|Any CPU.ActiveCfg = Debug|Any CPU
		{030AA516-AE89-407D-BC56-D40ED0E22B5C}.Debug|Any CPU.Build.0 = Debug|Any CPU
		{030AA516-AE89-407D-BC56-D40ED0E22B5C}.Debug|x64.ActiveCfg = Debug|Any CPU
		{030AA516-AE89-407D-BC56-D40ED0E22B5C}.Debug|x64.Build.0 = Debug|Any CPU
		{030AA516-AE89-407D-BC56-D40ED0E22B5C}.Debug|x86.ActiveCfg = Debug|Any CPU
		{030AA516-AE89-407D-BC56-D40ED0E22B5C}.Debug|x86.Build.0 = Debug|Any CPU
		{030AA516-AE89-407D-BC56-D40ED0E22B5C}.Release|Any CPU.ActiveCfg = Release|Any CPU
		{030AA516-AE89-407D-BC56-D40ED0E22B5C}.Release|Any CPU.Build.0 = Release|Any CPU
		{030AA516-AE89-407D-BC56-D40ED0E22B5C}.Release|x64.ActiveCfg = Release|Any CPU
		{030AA516-AE89-407D-BC56-D40ED0E22B5C}.Release|x64.Build.0 = Release|Any CPU
		{030AA516-AE89-407D-BC56-D40ED0E22B5C}.Release|x86.ActiveCfg = Release|Any CPU
		{030AA516-AE89-407D-BC56-D40ED0E22B5C}.Release|x86.Build.0 = Release|Any CPU
		{4F9255B4-27AA-4603-9471-2659A17F26F4}.Debug|Any CPU.ActiveCfg = Debug|Any CPU
		{4F9255B4-27AA-4603-9471-2659A17F26F4}.Debug|Any CPU.Build.0 = Debug|Any CPU
		{4F9255B4-27AA-4603-9471-2659A17F26F4}.Debug|x64.ActiveCfg = Debug|Any CPU
		{4F9255B4-27AA-4603-9471-2659A17F26F4}.Debug|x64.Build.0 = Debug|Any CPU
		{4F9255B4-27AA-4603-9471-2659A17F26F4}.Debug|x86.ActiveCfg = Debug|Any CPU
		{4F9255B4-27AA-4603-9471-2659A17F26F4}.Debug|x86.Build.0 = Debug|Any CPU
		{4F9255B4-27AA-4603-9471-2659A17F26F4}.Release|Any CPU.ActiveCfg = Release|Any CPU
		{4F9255B4-27AA-4603-9471-2659A17F26F4}.Release|Any CPU.Build.0 = Release|Any CPU
		{4F9255B4-27AA-4603-9471-2659A17F26F4}.Release|x64.ActiveCfg = Release|Any CPU
		{4F9255B4-27AA-4603-9471-2659A17F26F4}.Release|x64.Build.0 = Release|Any CPU
		{4F9255B4-27AA-4603-9471-2659A17F26F4}.Release|x86.ActiveCfg = Release|Any CPU
		{4F9255B4-27AA-4603-9471-2659A17F26F4}.Release|x86.Build.0 = Release|Any CPU
		{03754527-977E-404E-AF30-24A3E35FB898}.Debug|Any CPU.ActiveCfg = Debug|Any CPU
		{03754527-977E-404E-AF30-24A3E35FB898}.Debug|Any CPU.Build.0 = Debug|Any CPU
		{03754527-977E-404E-AF30-24A3E35FB898}.Debug|x64.ActiveCfg = Debug|Any CPU
		{03754527-977E-404E-AF30-24A3E35FB898}.Debug|x64.Build.0 = Debug|Any CPU
		{03754527-977E-404E-AF30-24A3E35FB898}.Debug|x86.ActiveCfg = Debug|Any CPU
		{03754527-977E-404E-AF30-24A3E35FB898}.Debug|x86.Build.0 = Debug|Any CPU
		{03754527-977E-404E-AF30-24A3E35FB898}.Release|Any CPU.ActiveCfg = Release|Any CPU
		{03754527-977E-404E-AF30-24A3E35FB898}.Release|Any CPU.Build.0 = Release|Any CPU
		{03754527-977E-404E-AF30-24A3E35FB898}.Release|x64.ActiveCfg = Release|Any CPU
		{03754527-977E-404E-AF30-24A3E35FB898}.Release|x64.Build.0 = Release|Any CPU
		{03754527-977E-404E-AF30-24A3E35FB898}.Release|x86.ActiveCfg = Release|Any CPU
		{03754527-977E-404E-AF30-24A3E35FB898}.Release|x86.Build.0 = Release|Any CPU
		{48A86D26-3AED-4B0B-86E4-1556A80B4890}.Debug|Any CPU.ActiveCfg = Debug|Any CPU
		{48A86D26-3AED-4B0B-86E4-1556A80B4890}.Debug|Any CPU.Build.0 = Debug|Any CPU
		{48A86D26-3AED-4B0B-86E4-1556A80B4890}.Debug|x64.ActiveCfg = Debug|Any CPU
		{48A86D26-3AED-4B0B-86E4-1556A80B4890}.Debug|x64.Build.0 = Debug|Any CPU
		{48A86D26-3AED-4B0B-86E4-1556A80B4890}.Debug|x86.ActiveCfg = Debug|Any CPU
		{48A86D26-3AED-4B0B-86E4-1556A80B4890}.Debug|x86.Build.0 = Debug|Any CPU
		{48A86D26-3AED-4B0B-86E4-1556A80B4890}.Release|Any CPU.ActiveCfg = Release|Any CPU
		{48A86D26-3AED-4B0B-86E4-1556A80B4890}.Release|Any CPU.Build.0 = Release|Any CPU
		{48A86D26-3AED-4B0B-86E4-1556A80B4890}.Release|x64.ActiveCfg = Release|Any CPU
		{48A86D26-3AED-4B0B-86E4-1556A80B4890}.Release|x64.Build.0 = Release|Any CPU
		{48A86D26-3AED-4B0B-86E4-1556A80B4890}.Release|x86.ActiveCfg = Release|Any CPU
		{48A86D26-3AED-4B0B-86E4-1556A80B4890}.Release|x86.Build.0 = Release|Any CPU
		{3F02CE03-B975-4546-89B0-31B75DE5A4BE}.Debug|Any CPU.ActiveCfg = Debug|Any CPU
		{3F02CE03-B975-4546-89B0-31B75DE5A4BE}.Debug|Any CPU.Build.0 = Debug|Any CPU
		{3F02CE03-B975-4546-89B0-31B75DE5A4BE}.Debug|x64.ActiveCfg = Debug|Any CPU
		{3F02CE03-B975-4546-89B0-31B75DE5A4BE}.Debug|x64.Build.0 = Debug|Any CPU
		{3F02CE03-B975-4546-89B0-31B75DE5A4BE}.Debug|x86.ActiveCfg = Debug|Any CPU
		{3F02CE03-B975-4546-89B0-31B75DE5A4BE}.Debug|x86.Build.0 = Debug|Any CPU
		{3F02CE03-B975-4546-89B0-31B75DE5A4BE}.Release|Any CPU.ActiveCfg = Release|Any CPU
		{3F02CE03-B975-4546-89B0-31B75DE5A4BE}.Release|Any CPU.Build.0 = Release|Any CPU
		{3F02CE03-B975-4546-89B0-31B75DE5A4BE}.Release|x64.ActiveCfg = Release|Any CPU
		{3F02CE03-B975-4546-89B0-31B75DE5A4BE}.Release|x64.Build.0 = Release|Any CPU
		{3F02CE03-B975-4546-89B0-31B75DE5A4BE}.Release|x86.ActiveCfg = Release|Any CPU
		{3F02CE03-B975-4546-89B0-31B75DE5A4BE}.Release|x86.Build.0 = Release|Any CPU
		{02FAFFD8-EF6A-49D2-80AB-DA32305B5706}.Debug|Any CPU.ActiveCfg = Debug|Any CPU
		{02FAFFD8-EF6A-49D2-80AB-DA32305B5706}.Debug|Any CPU.Build.0 = Debug|Any CPU
		{02FAFFD8-EF6A-49D2-80AB-DA32305B5706}.Debug|x64.ActiveCfg = Debug|Any CPU
		{02FAFFD8-EF6A-49D2-80AB-DA32305B5706}.Debug|x64.Build.0 = Debug|Any CPU
		{02FAFFD8-EF6A-49D2-80AB-DA32305B5706}.Debug|x86.ActiveCfg = Debug|Any CPU
		{02FAFFD8-EF6A-49D2-80AB-DA32305B5706}.Debug|x86.Build.0 = Debug|Any CPU
		{02FAFFD8-EF6A-49D2-80AB-DA32305B5706}.Release|Any CPU.ActiveCfg = Release|Any CPU
		{02FAFFD8-EF6A-49D2-80AB-DA32305B5706}.Release|Any CPU.Build.0 = Release|Any CPU
		{02FAFFD8-EF6A-49D2-80AB-DA32305B5706}.Release|x64.ActiveCfg = Release|Any CPU
		{02FAFFD8-EF6A-49D2-80AB-DA32305B5706}.Release|x64.Build.0 = Release|Any CPU
		{02FAFFD8-EF6A-49D2-80AB-DA32305B5706}.Release|x86.ActiveCfg = Release|Any CPU
		{02FAFFD8-EF6A-49D2-80AB-DA32305B5706}.Release|x86.Build.0 = Release|Any CPU
		{A0F00FD3-2A71-4952-A22A-6059FF24D9EA}.Debug|Any CPU.ActiveCfg = Debug|Any CPU
		{A0F00FD3-2A71-4952-A22A-6059FF24D9EA}.Debug|Any CPU.Build.0 = Debug|Any CPU
		{A0F00FD3-2A71-4952-A22A-6059FF24D9EA}.Debug|x64.ActiveCfg = Debug|Any CPU
		{A0F00FD3-2A71-4952-A22A-6059FF24D9EA}.Debug|x64.Build.0 = Debug|Any CPU
		{A0F00FD3-2A71-4952-A22A-6059FF24D9EA}.Debug|x86.ActiveCfg = Debug|Any CPU
		{A0F00FD3-2A71-4952-A22A-6059FF24D9EA}.Debug|x86.Build.0 = Debug|Any CPU
		{A0F00FD3-2A71-4952-A22A-6059FF24D9EA}.Release|Any CPU.ActiveCfg = Release|Any CPU
		{A0F00FD3-2A71-4952-A22A-6059FF24D9EA}.Release|Any CPU.Build.0 = Release|Any CPU
		{A0F00FD3-2A71-4952-A22A-6059FF24D9EA}.Release|x64.ActiveCfg = Release|Any CPU
		{A0F00FD3-2A71-4952-A22A-6059FF24D9EA}.Release|x64.Build.0 = Release|Any CPU
		{A0F00FD3-2A71-4952-A22A-6059FF24D9EA}.Release|x86.ActiveCfg = Release|Any CPU
		{A0F00FD3-2A71-4952-A22A-6059FF24D9EA}.Release|x86.Build.0 = Release|Any CPU
		{D642E94C-45D7-4A68-A40B-253FECC1C0A3}.Debug|Any CPU.ActiveCfg = Debug|Any CPU
		{D642E94C-45D7-4A68-A40B-253FECC1C0A3}.Debug|Any CPU.Build.0 = Debug|Any CPU
		{D642E94C-45D7-4A68-A40B-253FECC1C0A3}.Debug|x64.ActiveCfg = Debug|Any CPU
		{D642E94C-45D7-4A68-A40B-253FECC1C0A3}.Debug|x64.Build.0 = Debug|Any CPU
		{D642E94C-45D7-4A68-A40B-253FECC1C0A3}.Debug|x86.ActiveCfg = Debug|Any CPU
		{D642E94C-45D7-4A68-A40B-253FECC1C0A3}.Debug|x86.Build.0 = Debug|Any CPU
		{D642E94C-45D7-4A68-A40B-253FECC1C0A3}.Release|Any CPU.ActiveCfg = Release|Any CPU
		{D642E94C-45D7-4A68-A40B-253FECC1C0A3}.Release|Any CPU.Build.0 = Release|Any CPU
		{D642E94C-45D7-4A68-A40B-253FECC1C0A3}.Release|x64.ActiveCfg = Release|Any CPU
		{D642E94C-45D7-4A68-A40B-253FECC1C0A3}.Release|x64.Build.0 = Release|Any CPU
		{D642E94C-45D7-4A68-A40B-253FECC1C0A3}.Release|x86.ActiveCfg = Release|Any CPU
		{D642E94C-45D7-4A68-A40B-253FECC1C0A3}.Release|x86.Build.0 = Release|Any CPU
		{0F9C5D19-B0B1-4BCA-9670-6945CC52078C}.Debug|Any CPU.ActiveCfg = Debug|Any CPU
		{0F9C5D19-B0B1-4BCA-9670-6945CC52078C}.Debug|Any CPU.Build.0 = Debug|Any CPU
		{0F9C5D19-B0B1-4BCA-9670-6945CC52078C}.Debug|x64.ActiveCfg = Debug|Any CPU
		{0F9C5D19-B0B1-4BCA-9670-6945CC52078C}.Debug|x64.Build.0 = Debug|Any CPU
		{0F9C5D19-B0B1-4BCA-9670-6945CC52078C}.Debug|x86.ActiveCfg = Debug|Any CPU
		{0F9C5D19-B0B1-4BCA-9670-6945CC52078C}.Debug|x86.Build.0 = Debug|Any CPU
		{0F9C5D19-B0B1-4BCA-9670-6945CC52078C}.Release|Any CPU.ActiveCfg = Release|Any CPU
		{0F9C5D19-B0B1-4BCA-9670-6945CC52078C}.Release|Any CPU.Build.0 = Release|Any CPU
		{0F9C5D19-B0B1-4BCA-9670-6945CC52078C}.Release|x64.ActiveCfg = Release|Any CPU
		{0F9C5D19-B0B1-4BCA-9670-6945CC52078C}.Release|x64.Build.0 = Release|Any CPU
		{0F9C5D19-B0B1-4BCA-9670-6945CC52078C}.Release|x86.ActiveCfg = Release|Any CPU
		{0F9C5D19-B0B1-4BCA-9670-6945CC52078C}.Release|x86.Build.0 = Release|Any CPU
		{44A88641-CB33-47DB-B65A-4A813348A835}.Debug|Any CPU.ActiveCfg = Debug|Any CPU
		{44A88641-CB33-47DB-B65A-4A813348A835}.Debug|Any CPU.Build.0 = Debug|Any CPU
		{44A88641-CB33-47DB-B65A-4A813348A835}.Debug|x64.ActiveCfg = Debug|Any CPU
		{44A88641-CB33-47DB-B65A-4A813348A835}.Debug|x64.Build.0 = Debug|Any CPU
		{44A88641-CB33-47DB-B65A-4A813348A835}.Debug|x86.ActiveCfg = Debug|Any CPU
		{44A88641-CB33-47DB-B65A-4A813348A835}.Debug|x86.Build.0 = Debug|Any CPU
		{44A88641-CB33-47DB-B65A-4A813348A835}.Release|Any CPU.ActiveCfg = Release|Any CPU
		{44A88641-CB33-47DB-B65A-4A813348A835}.Release|Any CPU.Build.0 = Release|Any CPU
		{44A88641-CB33-47DB-B65A-4A813348A835}.Release|x64.ActiveCfg = Release|Any CPU
		{44A88641-CB33-47DB-B65A-4A813348A835}.Release|x64.Build.0 = Release|Any CPU
		{44A88641-CB33-47DB-B65A-4A813348A835}.Release|x86.ActiveCfg = Release|Any CPU
		{44A88641-CB33-47DB-B65A-4A813348A835}.Release|x86.Build.0 = Release|Any CPU
		{7FD4E5BA-53A3-44AF-9334-AD1D3750B83B}.Debug|Any CPU.ActiveCfg = Debug|Any CPU
		{7FD4E5BA-53A3-44AF-9334-AD1D3750B83B}.Debug|Any CPU.Build.0 = Debug|Any CPU
		{7FD4E5BA-53A3-44AF-9334-AD1D3750B83B}.Debug|x64.ActiveCfg = Debug|Any CPU
		{7FD4E5BA-53A3-44AF-9334-AD1D3750B83B}.Debug|x64.Build.0 = Debug|Any CPU
		{7FD4E5BA-53A3-44AF-9334-AD1D3750B83B}.Debug|x86.ActiveCfg = Debug|Any CPU
		{7FD4E5BA-53A3-44AF-9334-AD1D3750B83B}.Debug|x86.Build.0 = Debug|Any CPU
		{7FD4E5BA-53A3-44AF-9334-AD1D3750B83B}.Release|Any CPU.ActiveCfg = Release|Any CPU
		{7FD4E5BA-53A3-44AF-9334-AD1D3750B83B}.Release|Any CPU.Build.0 = Release|Any CPU
		{7FD4E5BA-53A3-44AF-9334-AD1D3750B83B}.Release|x64.ActiveCfg = Release|Any CPU
		{7FD4E5BA-53A3-44AF-9334-AD1D3750B83B}.Release|x64.Build.0 = Release|Any CPU
		{7FD4E5BA-53A3-44AF-9334-AD1D3750B83B}.Release|x86.ActiveCfg = Release|Any CPU
		{7FD4E5BA-53A3-44AF-9334-AD1D3750B83B}.Release|x86.Build.0 = Release|Any CPU
		{E42EABDB-362E-4890-B326-E578AA4DD8F3}.Debug|Any CPU.ActiveCfg = Debug|Any CPU
		{E42EABDB-362E-4890-B326-E578AA4DD8F3}.Debug|Any CPU.Build.0 = Debug|Any CPU
		{E42EABDB-362E-4890-B326-E578AA4DD8F3}.Debug|x64.ActiveCfg = Debug|Any CPU
		{E42EABDB-362E-4890-B326-E578AA4DD8F3}.Debug|x64.Build.0 = Debug|Any CPU
		{E42EABDB-362E-4890-B326-E578AA4DD8F3}.Debug|x86.ActiveCfg = Debug|Any CPU
		{E42EABDB-362E-4890-B326-E578AA4DD8F3}.Debug|x86.Build.0 = Debug|Any CPU
		{E42EABDB-362E-4890-B326-E578AA4DD8F3}.Release|Any CPU.ActiveCfg = Release|Any CPU
		{E42EABDB-362E-4890-B326-E578AA4DD8F3}.Release|Any CPU.Build.0 = Release|Any CPU
		{E42EABDB-362E-4890-B326-E578AA4DD8F3}.Release|x64.ActiveCfg = Release|Any CPU
		{E42EABDB-362E-4890-B326-E578AA4DD8F3}.Release|x64.Build.0 = Release|Any CPU
		{E42EABDB-362E-4890-B326-E578AA4DD8F3}.Release|x86.ActiveCfg = Release|Any CPU
		{E42EABDB-362E-4890-B326-E578AA4DD8F3}.Release|x86.Build.0 = Release|Any CPU
		{84488224-8957-4E66-B0E6-3A946AD9EBEC}.Debug|Any CPU.ActiveCfg = Debug|Any CPU
		{84488224-8957-4E66-B0E6-3A946AD9EBEC}.Debug|Any CPU.Build.0 = Debug|Any CPU
		{84488224-8957-4E66-B0E6-3A946AD9EBEC}.Debug|x64.ActiveCfg = Debug|Any CPU
		{84488224-8957-4E66-B0E6-3A946AD9EBEC}.Debug|x64.Build.0 = Debug|Any CPU
		{84488224-8957-4E66-B0E6-3A946AD9EBEC}.Debug|x86.ActiveCfg = Debug|Any CPU
		{84488224-8957-4E66-B0E6-3A946AD9EBEC}.Debug|x86.Build.0 = Debug|Any CPU
		{84488224-8957-4E66-B0E6-3A946AD9EBEC}.Release|Any CPU.ActiveCfg = Release|Any CPU
		{84488224-8957-4E66-B0E6-3A946AD9EBEC}.Release|Any CPU.Build.0 = Release|Any CPU
		{84488224-8957-4E66-B0E6-3A946AD9EBEC}.Release|x64.ActiveCfg = Release|Any CPU
		{84488224-8957-4E66-B0E6-3A946AD9EBEC}.Release|x64.Build.0 = Release|Any CPU
		{84488224-8957-4E66-B0E6-3A946AD9EBEC}.Release|x86.ActiveCfg = Release|Any CPU
		{84488224-8957-4E66-B0E6-3A946AD9EBEC}.Release|x86.Build.0 = Release|Any CPU
		{E79CF615-9BD3-4E25-92D5-CBCD7610C1C6}.Debug|Any CPU.ActiveCfg = Debug|Any CPU
		{E79CF615-9BD3-4E25-92D5-CBCD7610C1C6}.Debug|Any CPU.Build.0 = Debug|Any CPU
		{E79CF615-9BD3-4E25-92D5-CBCD7610C1C6}.Debug|x64.ActiveCfg = Debug|Any CPU
		{E79CF615-9BD3-4E25-92D5-CBCD7610C1C6}.Debug|x64.Build.0 = Debug|Any CPU
		{E79CF615-9BD3-4E25-92D5-CBCD7610C1C6}.Debug|x86.ActiveCfg = Debug|Any CPU
		{E79CF615-9BD3-4E25-92D5-CBCD7610C1C6}.Debug|x86.Build.0 = Debug|Any CPU
		{E79CF615-9BD3-4E25-92D5-CBCD7610C1C6}.Release|Any CPU.ActiveCfg = Release|Any CPU
		{E79CF615-9BD3-4E25-92D5-CBCD7610C1C6}.Release|Any CPU.Build.0 = Release|Any CPU
		{E79CF615-9BD3-4E25-92D5-CBCD7610C1C6}.Release|x64.ActiveCfg = Release|Any CPU
		{E79CF615-9BD3-4E25-92D5-CBCD7610C1C6}.Release|x64.Build.0 = Release|Any CPU
		{E79CF615-9BD3-4E25-92D5-CBCD7610C1C6}.Release|x86.ActiveCfg = Release|Any CPU
		{E79CF615-9BD3-4E25-92D5-CBCD7610C1C6}.Release|x86.Build.0 = Release|Any CPU
		{C6E9CB66-402B-4D51-8191-7B53C12B81C5}.Debug|Any CPU.ActiveCfg = Debug|Any CPU
		{C6E9CB66-402B-4D51-8191-7B53C12B81C5}.Debug|Any CPU.Build.0 = Debug|Any CPU
		{C6E9CB66-402B-4D51-8191-7B53C12B81C5}.Debug|x64.ActiveCfg = Debug|Any CPU
		{C6E9CB66-402B-4D51-8191-7B53C12B81C5}.Debug|x64.Build.0 = Debug|Any CPU
		{C6E9CB66-402B-4D51-8191-7B53C12B81C5}.Debug|x86.ActiveCfg = Debug|Any CPU
		{C6E9CB66-402B-4D51-8191-7B53C12B81C5}.Debug|x86.Build.0 = Debug|Any CPU
		{C6E9CB66-402B-4D51-8191-7B53C12B81C5}.Release|Any CPU.ActiveCfg = Release|Any CPU
		{C6E9CB66-402B-4D51-8191-7B53C12B81C5}.Release|Any CPU.Build.0 = Release|Any CPU
		{C6E9CB66-402B-4D51-8191-7B53C12B81C5}.Release|x64.ActiveCfg = Release|Any CPU
		{C6E9CB66-402B-4D51-8191-7B53C12B81C5}.Release|x64.Build.0 = Release|Any CPU
		{C6E9CB66-402B-4D51-8191-7B53C12B81C5}.Release|x86.ActiveCfg = Release|Any CPU
		{C6E9CB66-402B-4D51-8191-7B53C12B81C5}.Release|x86.Build.0 = Release|Any CPU
		{370ED7B0-F7F2-4CC4-9409-CE7DF6EEBA22}.Debug|Any CPU.ActiveCfg = Debug|Any CPU
		{370ED7B0-F7F2-4CC4-9409-CE7DF6EEBA22}.Debug|Any CPU.Build.0 = Debug|Any CPU
		{370ED7B0-F7F2-4CC4-9409-CE7DF6EEBA22}.Debug|x64.ActiveCfg = Debug|Any CPU
		{370ED7B0-F7F2-4CC4-9409-CE7DF6EEBA22}.Debug|x64.Build.0 = Debug|Any CPU
		{370ED7B0-F7F2-4CC4-9409-CE7DF6EEBA22}.Debug|x86.ActiveCfg = Debug|Any CPU
		{370ED7B0-F7F2-4CC4-9409-CE7DF6EEBA22}.Debug|x86.Build.0 = Debug|Any CPU
		{370ED7B0-F7F2-4CC4-9409-CE7DF6EEBA22}.Release|Any CPU.ActiveCfg = Release|Any CPU
		{370ED7B0-F7F2-4CC4-9409-CE7DF6EEBA22}.Release|Any CPU.Build.0 = Release|Any CPU
		{370ED7B0-F7F2-4CC4-9409-CE7DF6EEBA22}.Release|x64.ActiveCfg = Release|Any CPU
		{370ED7B0-F7F2-4CC4-9409-CE7DF6EEBA22}.Release|x64.Build.0 = Release|Any CPU
		{370ED7B0-F7F2-4CC4-9409-CE7DF6EEBA22}.Release|x86.ActiveCfg = Release|Any CPU
		{370ED7B0-F7F2-4CC4-9409-CE7DF6EEBA22}.Release|x86.Build.0 = Release|Any CPU
		{25763FE6-747F-47A6-89CF-15CCBF915127}.Debug|Any CPU.ActiveCfg = Debug|Any CPU
		{25763FE6-747F-47A6-89CF-15CCBF915127}.Debug|Any CPU.Build.0 = Debug|Any CPU
		{25763FE6-747F-47A6-89CF-15CCBF915127}.Debug|x64.ActiveCfg = Debug|Any CPU
		{25763FE6-747F-47A6-89CF-15CCBF915127}.Debug|x64.Build.0 = Debug|Any CPU
		{25763FE6-747F-47A6-89CF-15CCBF915127}.Debug|x86.ActiveCfg = Debug|Any CPU
		{25763FE6-747F-47A6-89CF-15CCBF915127}.Debug|x86.Build.0 = Debug|Any CPU
		{25763FE6-747F-47A6-89CF-15CCBF915127}.Release|Any CPU.ActiveCfg = Release|Any CPU
		{25763FE6-747F-47A6-89CF-15CCBF915127}.Release|Any CPU.Build.0 = Release|Any CPU
		{25763FE6-747F-47A6-89CF-15CCBF915127}.Release|x64.ActiveCfg = Release|Any CPU
		{25763FE6-747F-47A6-89CF-15CCBF915127}.Release|x64.Build.0 = Release|Any CPU
		{25763FE6-747F-47A6-89CF-15CCBF915127}.Release|x86.ActiveCfg = Release|Any CPU
		{25763FE6-747F-47A6-89CF-15CCBF915127}.Release|x86.Build.0 = Release|Any CPU
		{B5D3CD55-B811-4198-B2E6-EE116D5F709C}.Debug|Any CPU.ActiveCfg = Debug|Any CPU
		{B5D3CD55-B811-4198-B2E6-EE116D5F709C}.Debug|Any CPU.Build.0 = Debug|Any CPU
		{B5D3CD55-B811-4198-B2E6-EE116D5F709C}.Debug|x64.ActiveCfg = Debug|Any CPU
		{B5D3CD55-B811-4198-B2E6-EE116D5F709C}.Debug|x64.Build.0 = Debug|Any CPU
		{B5D3CD55-B811-4198-B2E6-EE116D5F709C}.Debug|x86.ActiveCfg = Debug|Any CPU
		{B5D3CD55-B811-4198-B2E6-EE116D5F709C}.Debug|x86.Build.0 = Debug|Any CPU
		{B5D3CD55-B811-4198-B2E6-EE116D5F709C}.Release|Any CPU.ActiveCfg = Release|Any CPU
		{B5D3CD55-B811-4198-B2E6-EE116D5F709C}.Release|Any CPU.Build.0 = Release|Any CPU
		{B5D3CD55-B811-4198-B2E6-EE116D5F709C}.Release|x64.ActiveCfg = Release|Any CPU
		{B5D3CD55-B811-4198-B2E6-EE116D5F709C}.Release|x64.Build.0 = Release|Any CPU
		{B5D3CD55-B811-4198-B2E6-EE116D5F709C}.Release|x86.ActiveCfg = Release|Any CPU
		{B5D3CD55-B811-4198-B2E6-EE116D5F709C}.Release|x86.Build.0 = Release|Any CPU
		{6DE385A6-16D6-4281-9901-E75195A331D2}.Debug|Any CPU.ActiveCfg = Debug|Any CPU
		{6DE385A6-16D6-4281-9901-E75195A331D2}.Debug|Any CPU.Build.0 = Debug|Any CPU
		{6DE385A6-16D6-4281-9901-E75195A331D2}.Debug|x64.ActiveCfg = Debug|Any CPU
		{6DE385A6-16D6-4281-9901-E75195A331D2}.Debug|x64.Build.0 = Debug|Any CPU
		{6DE385A6-16D6-4281-9901-E75195A331D2}.Debug|x86.ActiveCfg = Debug|Any CPU
		{6DE385A6-16D6-4281-9901-E75195A331D2}.Debug|x86.Build.0 = Debug|Any CPU
		{6DE385A6-16D6-4281-9901-E75195A331D2}.Release|Any CPU.ActiveCfg = Release|Any CPU
		{6DE385A6-16D6-4281-9901-E75195A331D2}.Release|Any CPU.Build.0 = Release|Any CPU
		{6DE385A6-16D6-4281-9901-E75195A331D2}.Release|x64.ActiveCfg = Release|Any CPU
		{6DE385A6-16D6-4281-9901-E75195A331D2}.Release|x64.Build.0 = Release|Any CPU
		{6DE385A6-16D6-4281-9901-E75195A331D2}.Release|x86.ActiveCfg = Release|Any CPU
		{6DE385A6-16D6-4281-9901-E75195A331D2}.Release|x86.Build.0 = Release|Any CPU
		{B8D58236-01F5-4178-9F9A-3EE9A1011855}.Debug|Any CPU.ActiveCfg = Debug|Any CPU
		{B8D58236-01F5-4178-9F9A-3EE9A1011855}.Debug|Any CPU.Build.0 = Debug|Any CPU
		{B8D58236-01F5-4178-9F9A-3EE9A1011855}.Debug|x64.ActiveCfg = Debug|Any CPU
		{B8D58236-01F5-4178-9F9A-3EE9A1011855}.Debug|x64.Build.0 = Debug|Any CPU
		{B8D58236-01F5-4178-9F9A-3EE9A1011855}.Debug|x86.ActiveCfg = Debug|Any CPU
		{B8D58236-01F5-4178-9F9A-3EE9A1011855}.Debug|x86.Build.0 = Debug|Any CPU
		{B8D58236-01F5-4178-9F9A-3EE9A1011855}.Release|Any CPU.ActiveCfg = Release|Any CPU
		{B8D58236-01F5-4178-9F9A-3EE9A1011855}.Release|Any CPU.Build.0 = Release|Any CPU
		{B8D58236-01F5-4178-9F9A-3EE9A1011855}.Release|x64.ActiveCfg = Release|Any CPU
		{B8D58236-01F5-4178-9F9A-3EE9A1011855}.Release|x64.Build.0 = Release|Any CPU
		{B8D58236-01F5-4178-9F9A-3EE9A1011855}.Release|x86.ActiveCfg = Release|Any CPU
		{B8D58236-01F5-4178-9F9A-3EE9A1011855}.Release|x86.Build.0 = Release|Any CPU
		{985FC7C7-7D4E-49AD-8D9D-EB620C0B3771}.Debug|Any CPU.ActiveCfg = Debug|Any CPU
		{985FC7C7-7D4E-49AD-8D9D-EB620C0B3771}.Debug|Any CPU.Build.0 = Debug|Any CPU
		{985FC7C7-7D4E-49AD-8D9D-EB620C0B3771}.Debug|x64.ActiveCfg = Debug|Any CPU
		{985FC7C7-7D4E-49AD-8D9D-EB620C0B3771}.Debug|x64.Build.0 = Debug|Any CPU
		{985FC7C7-7D4E-49AD-8D9D-EB620C0B3771}.Debug|x86.ActiveCfg = Debug|Any CPU
		{985FC7C7-7D4E-49AD-8D9D-EB620C0B3771}.Debug|x86.Build.0 = Debug|Any CPU
		{985FC7C7-7D4E-49AD-8D9D-EB620C0B3771}.Release|Any CPU.ActiveCfg = Release|Any CPU
		{985FC7C7-7D4E-49AD-8D9D-EB620C0B3771}.Release|Any CPU.Build.0 = Release|Any CPU
		{985FC7C7-7D4E-49AD-8D9D-EB620C0B3771}.Release|x64.ActiveCfg = Release|Any CPU
		{985FC7C7-7D4E-49AD-8D9D-EB620C0B3771}.Release|x64.Build.0 = Release|Any CPU
		{985FC7C7-7D4E-49AD-8D9D-EB620C0B3771}.Release|x86.ActiveCfg = Release|Any CPU
		{985FC7C7-7D4E-49AD-8D9D-EB620C0B3771}.Release|x86.Build.0 = Release|Any CPU
		{0DF50871-F84E-450C-AA88-214260E38995}.Debug|Any CPU.ActiveCfg = Debug|Any CPU
		{0DF50871-F84E-450C-AA88-214260E38995}.Debug|Any CPU.Build.0 = Debug|Any CPU
		{0DF50871-F84E-450C-AA88-214260E38995}.Debug|x64.ActiveCfg = Debug|Any CPU
		{0DF50871-F84E-450C-AA88-214260E38995}.Debug|x64.Build.0 = Debug|Any CPU
		{0DF50871-F84E-450C-AA88-214260E38995}.Debug|x86.ActiveCfg = Debug|Any CPU
		{0DF50871-F84E-450C-AA88-214260E38995}.Debug|x86.Build.0 = Debug|Any CPU
		{0DF50871-F84E-450C-AA88-214260E38995}.Release|Any CPU.ActiveCfg = Release|Any CPU
		{0DF50871-F84E-450C-AA88-214260E38995}.Release|Any CPU.Build.0 = Release|Any CPU
		{0DF50871-F84E-450C-AA88-214260E38995}.Release|x64.ActiveCfg = Release|Any CPU
		{0DF50871-F84E-450C-AA88-214260E38995}.Release|x64.Build.0 = Release|Any CPU
		{0DF50871-F84E-450C-AA88-214260E38995}.Release|x86.ActiveCfg = Release|Any CPU
		{0DF50871-F84E-450C-AA88-214260E38995}.Release|x86.Build.0 = Release|Any CPU
		{61EF3FDB-7B12-4742-AB95-D40A108E91CE}.Debug|Any CPU.ActiveCfg = Debug|Any CPU
		{61EF3FDB-7B12-4742-AB95-D40A108E91CE}.Debug|Any CPU.Build.0 = Debug|Any CPU
		{61EF3FDB-7B12-4742-AB95-D40A108E91CE}.Debug|x64.ActiveCfg = Debug|Any CPU
		{61EF3FDB-7B12-4742-AB95-D40A108E91CE}.Debug|x64.Build.0 = Debug|Any CPU
		{61EF3FDB-7B12-4742-AB95-D40A108E91CE}.Debug|x86.ActiveCfg = Debug|Any CPU
		{61EF3FDB-7B12-4742-AB95-D40A108E91CE}.Debug|x86.Build.0 = Debug|Any CPU
		{61EF3FDB-7B12-4742-AB95-D40A108E91CE}.Release|Any CPU.ActiveCfg = Release|Any CPU
		{61EF3FDB-7B12-4742-AB95-D40A108E91CE}.Release|Any CPU.Build.0 = Release|Any CPU
		{61EF3FDB-7B12-4742-AB95-D40A108E91CE}.Release|x64.ActiveCfg = Release|Any CPU
		{61EF3FDB-7B12-4742-AB95-D40A108E91CE}.Release|x64.Build.0 = Release|Any CPU
		{61EF3FDB-7B12-4742-AB95-D40A108E91CE}.Release|x86.ActiveCfg = Release|Any CPU
		{61EF3FDB-7B12-4742-AB95-D40A108E91CE}.Release|x86.Build.0 = Release|Any CPU
		{91AC5176-D58D-4034-AB4C-C55D42E27E1D}.Debug|Any CPU.ActiveCfg = Debug|Any CPU
		{91AC5176-D58D-4034-AB4C-C55D42E27E1D}.Debug|Any CPU.Build.0 = Debug|Any CPU
		{91AC5176-D58D-4034-AB4C-C55D42E27E1D}.Debug|x64.ActiveCfg = Debug|Any CPU
		{91AC5176-D58D-4034-AB4C-C55D42E27E1D}.Debug|x64.Build.0 = Debug|Any CPU
		{91AC5176-D58D-4034-AB4C-C55D42E27E1D}.Debug|x86.ActiveCfg = Debug|Any CPU
		{91AC5176-D58D-4034-AB4C-C55D42E27E1D}.Debug|x86.Build.0 = Debug|Any CPU
		{91AC5176-D58D-4034-AB4C-C55D42E27E1D}.Release|Any CPU.ActiveCfg = Release|Any CPU
		{91AC5176-D58D-4034-AB4C-C55D42E27E1D}.Release|Any CPU.Build.0 = Release|Any CPU
		{91AC5176-D58D-4034-AB4C-C55D42E27E1D}.Release|x64.ActiveCfg = Release|Any CPU
		{91AC5176-D58D-4034-AB4C-C55D42E27E1D}.Release|x64.Build.0 = Release|Any CPU
		{91AC5176-D58D-4034-AB4C-C55D42E27E1D}.Release|x86.ActiveCfg = Release|Any CPU
		{91AC5176-D58D-4034-AB4C-C55D42E27E1D}.Release|x86.Build.0 = Release|Any CPU
		{7F3C5CCD-3713-46D5-9891-E80FC993751C}.Debug|Any CPU.ActiveCfg = Debug|Any CPU
		{7F3C5CCD-3713-46D5-9891-E80FC993751C}.Debug|Any CPU.Build.0 = Debug|Any CPU
		{7F3C5CCD-3713-46D5-9891-E80FC993751C}.Debug|x64.ActiveCfg = Debug|Any CPU
		{7F3C5CCD-3713-46D5-9891-E80FC993751C}.Debug|x64.Build.0 = Debug|Any CPU
		{7F3C5CCD-3713-46D5-9891-E80FC993751C}.Debug|x86.ActiveCfg = Debug|Any CPU
		{7F3C5CCD-3713-46D5-9891-E80FC993751C}.Debug|x86.Build.0 = Debug|Any CPU
		{7F3C5CCD-3713-46D5-9891-E80FC993751C}.Release|Any CPU.ActiveCfg = Release|Any CPU
		{7F3C5CCD-3713-46D5-9891-E80FC993751C}.Release|Any CPU.Build.0 = Release|Any CPU
		{7F3C5CCD-3713-46D5-9891-E80FC993751C}.Release|x64.ActiveCfg = Release|Any CPU
		{7F3C5CCD-3713-46D5-9891-E80FC993751C}.Release|x64.Build.0 = Release|Any CPU
		{7F3C5CCD-3713-46D5-9891-E80FC993751C}.Release|x86.ActiveCfg = Release|Any CPU
		{7F3C5CCD-3713-46D5-9891-E80FC993751C}.Release|x86.Build.0 = Release|Any CPU
		{27397C62-3482-4061-B746-445713FD0835}.Debug|Any CPU.ActiveCfg = Debug|Any CPU
		{27397C62-3482-4061-B746-445713FD0835}.Debug|Any CPU.Build.0 = Debug|Any CPU
		{27397C62-3482-4061-B746-445713FD0835}.Debug|x64.ActiveCfg = Debug|Any CPU
		{27397C62-3482-4061-B746-445713FD0835}.Debug|x64.Build.0 = Debug|Any CPU
		{27397C62-3482-4061-B746-445713FD0835}.Debug|x86.ActiveCfg = Debug|Any CPU
		{27397C62-3482-4061-B746-445713FD0835}.Debug|x86.Build.0 = Debug|Any CPU
		{27397C62-3482-4061-B746-445713FD0835}.Release|Any CPU.ActiveCfg = Release|Any CPU
		{27397C62-3482-4061-B746-445713FD0835}.Release|Any CPU.Build.0 = Release|Any CPU
		{27397C62-3482-4061-B746-445713FD0835}.Release|x64.ActiveCfg = Release|Any CPU
		{27397C62-3482-4061-B746-445713FD0835}.Release|x64.Build.0 = Release|Any CPU
		{27397C62-3482-4061-B746-445713FD0835}.Release|x86.ActiveCfg = Release|Any CPU
		{27397C62-3482-4061-B746-445713FD0835}.Release|x86.Build.0 = Release|Any CPU
		{B1016EBC-A5DE-4936-A175-F0CA2329E905}.Debug|Any CPU.ActiveCfg = Debug|Any CPU
		{B1016EBC-A5DE-4936-A175-F0CA2329E905}.Debug|Any CPU.Build.0 = Debug|Any CPU
		{B1016EBC-A5DE-4936-A175-F0CA2329E905}.Debug|x64.ActiveCfg = Debug|Any CPU
		{B1016EBC-A5DE-4936-A175-F0CA2329E905}.Debug|x64.Build.0 = Debug|Any CPU
		{B1016EBC-A5DE-4936-A175-F0CA2329E905}.Debug|x86.ActiveCfg = Debug|Any CPU
		{B1016EBC-A5DE-4936-A175-F0CA2329E905}.Debug|x86.Build.0 = Debug|Any CPU
		{B1016EBC-A5DE-4936-A175-F0CA2329E905}.Release|Any CPU.ActiveCfg = Release|Any CPU
		{B1016EBC-A5DE-4936-A175-F0CA2329E905}.Release|Any CPU.Build.0 = Release|Any CPU
		{B1016EBC-A5DE-4936-A175-F0CA2329E905}.Release|x64.ActiveCfg = Release|Any CPU
		{B1016EBC-A5DE-4936-A175-F0CA2329E905}.Release|x64.Build.0 = Release|Any CPU
		{B1016EBC-A5DE-4936-A175-F0CA2329E905}.Release|x86.ActiveCfg = Release|Any CPU
		{B1016EBC-A5DE-4936-A175-F0CA2329E905}.Release|x86.Build.0 = Release|Any CPU
		{9ABD0B10-4A39-4112-BAA4-BB5CDB9A07AD}.Debug|Any CPU.ActiveCfg = Debug|Any CPU
		{9ABD0B10-4A39-4112-BAA4-BB5CDB9A07AD}.Debug|Any CPU.Build.0 = Debug|Any CPU
		{9ABD0B10-4A39-4112-BAA4-BB5CDB9A07AD}.Debug|x64.ActiveCfg = Debug|Any CPU
		{9ABD0B10-4A39-4112-BAA4-BB5CDB9A07AD}.Debug|x64.Build.0 = Debug|Any CPU
		{9ABD0B10-4A39-4112-BAA4-BB5CDB9A07AD}.Debug|x86.ActiveCfg = Debug|Any CPU
		{9ABD0B10-4A39-4112-BAA4-BB5CDB9A07AD}.Debug|x86.Build.0 = Debug|Any CPU
		{9ABD0B10-4A39-4112-BAA4-BB5CDB9A07AD}.Release|Any CPU.ActiveCfg = Release|Any CPU
		{9ABD0B10-4A39-4112-BAA4-BB5CDB9A07AD}.Release|Any CPU.Build.0 = Release|Any CPU
		{9ABD0B10-4A39-4112-BAA4-BB5CDB9A07AD}.Release|x64.ActiveCfg = Release|Any CPU
		{9ABD0B10-4A39-4112-BAA4-BB5CDB9A07AD}.Release|x64.Build.0 = Release|Any CPU
		{9ABD0B10-4A39-4112-BAA4-BB5CDB9A07AD}.Release|x86.ActiveCfg = Release|Any CPU
		{9ABD0B10-4A39-4112-BAA4-BB5CDB9A07AD}.Release|x86.Build.0 = Release|Any CPU
		{50AAE618-4172-4B13-BD45-7584ACCF5249}.Debug|Any CPU.ActiveCfg = Debug|Any CPU
		{50AAE618-4172-4B13-BD45-7584ACCF5249}.Debug|Any CPU.Build.0 = Debug|Any CPU
		{50AAE618-4172-4B13-BD45-7584ACCF5249}.Debug|x64.ActiveCfg = Debug|Any CPU
		{50AAE618-4172-4B13-BD45-7584ACCF5249}.Debug|x64.Build.0 = Debug|Any CPU
		{50AAE618-4172-4B13-BD45-7584ACCF5249}.Debug|x86.ActiveCfg = Debug|Any CPU
		{50AAE618-4172-4B13-BD45-7584ACCF5249}.Debug|x86.Build.0 = Debug|Any CPU
		{50AAE618-4172-4B13-BD45-7584ACCF5249}.Release|Any CPU.ActiveCfg = Release|Any CPU
		{50AAE618-4172-4B13-BD45-7584ACCF5249}.Release|Any CPU.Build.0 = Release|Any CPU
		{50AAE618-4172-4B13-BD45-7584ACCF5249}.Release|x64.ActiveCfg = Release|Any CPU
		{50AAE618-4172-4B13-BD45-7584ACCF5249}.Release|x64.Build.0 = Release|Any CPU
		{50AAE618-4172-4B13-BD45-7584ACCF5249}.Release|x86.ActiveCfg = Release|Any CPU
		{50AAE618-4172-4B13-BD45-7584ACCF5249}.Release|x86.Build.0 = Release|Any CPU
		{98788182-0E60-4355-8526-CE467578ED7A}.Debug|Any CPU.ActiveCfg = Debug|Any CPU
		{98788182-0E60-4355-8526-CE467578ED7A}.Debug|Any CPU.Build.0 = Debug|Any CPU
		{98788182-0E60-4355-8526-CE467578ED7A}.Debug|x64.ActiveCfg = Debug|Any CPU
		{98788182-0E60-4355-8526-CE467578ED7A}.Debug|x64.Build.0 = Debug|Any CPU
		{98788182-0E60-4355-8526-CE467578ED7A}.Debug|x86.ActiveCfg = Debug|Any CPU
		{98788182-0E60-4355-8526-CE467578ED7A}.Debug|x86.Build.0 = Debug|Any CPU
		{98788182-0E60-4355-8526-CE467578ED7A}.Release|Any CPU.ActiveCfg = Release|Any CPU
		{98788182-0E60-4355-8526-CE467578ED7A}.Release|Any CPU.Build.0 = Release|Any CPU
		{98788182-0E60-4355-8526-CE467578ED7A}.Release|x64.ActiveCfg = Release|Any CPU
		{98788182-0E60-4355-8526-CE467578ED7A}.Release|x64.Build.0 = Release|Any CPU
		{98788182-0E60-4355-8526-CE467578ED7A}.Release|x86.ActiveCfg = Release|Any CPU
		{98788182-0E60-4355-8526-CE467578ED7A}.Release|x86.Build.0 = Release|Any CPU
		{1BF984C6-94CB-4E32-BD14-D82AA2319B01}.Debug|Any CPU.ActiveCfg = Debug|Any CPU
		{1BF984C6-94CB-4E32-BD14-D82AA2319B01}.Debug|Any CPU.Build.0 = Debug|Any CPU
		{1BF984C6-94CB-4E32-BD14-D82AA2319B01}.Debug|x64.ActiveCfg = Debug|Any CPU
		{1BF984C6-94CB-4E32-BD14-D82AA2319B01}.Debug|x64.Build.0 = Debug|Any CPU
		{1BF984C6-94CB-4E32-BD14-D82AA2319B01}.Debug|x86.ActiveCfg = Debug|Any CPU
		{1BF984C6-94CB-4E32-BD14-D82AA2319B01}.Debug|x86.Build.0 = Debug|Any CPU
		{1BF984C6-94CB-4E32-BD14-D82AA2319B01}.Release|Any CPU.ActiveCfg = Release|Any CPU
		{1BF984C6-94CB-4E32-BD14-D82AA2319B01}.Release|Any CPU.Build.0 = Release|Any CPU
		{1BF984C6-94CB-4E32-BD14-D82AA2319B01}.Release|x64.ActiveCfg = Release|Any CPU
		{1BF984C6-94CB-4E32-BD14-D82AA2319B01}.Release|x64.Build.0 = Release|Any CPU
		{1BF984C6-94CB-4E32-BD14-D82AA2319B01}.Release|x86.ActiveCfg = Release|Any CPU
		{1BF984C6-94CB-4E32-BD14-D82AA2319B01}.Release|x86.Build.0 = Release|Any CPU
		{15D81E1D-6E42-45E2-B54C-DC5368921C9B}.Debug|Any CPU.ActiveCfg = Debug|Any CPU
		{15D81E1D-6E42-45E2-B54C-DC5368921C9B}.Debug|Any CPU.Build.0 = Debug|Any CPU
		{15D81E1D-6E42-45E2-B54C-DC5368921C9B}.Debug|x64.ActiveCfg = Debug|Any CPU
		{15D81E1D-6E42-45E2-B54C-DC5368921C9B}.Debug|x64.Build.0 = Debug|Any CPU
		{15D81E1D-6E42-45E2-B54C-DC5368921C9B}.Debug|x86.ActiveCfg = Debug|Any CPU
		{15D81E1D-6E42-45E2-B54C-DC5368921C9B}.Debug|x86.Build.0 = Debug|Any CPU
		{15D81E1D-6E42-45E2-B54C-DC5368921C9B}.Release|Any CPU.ActiveCfg = Release|Any CPU
		{15D81E1D-6E42-45E2-B54C-DC5368921C9B}.Release|Any CPU.Build.0 = Release|Any CPU
		{15D81E1D-6E42-45E2-B54C-DC5368921C9B}.Release|x64.ActiveCfg = Release|Any CPU
		{15D81E1D-6E42-45E2-B54C-DC5368921C9B}.Release|x64.Build.0 = Release|Any CPU
		{15D81E1D-6E42-45E2-B54C-DC5368921C9B}.Release|x86.ActiveCfg = Release|Any CPU
		{15D81E1D-6E42-45E2-B54C-DC5368921C9B}.Release|x86.Build.0 = Release|Any CPU
		{0CB5B668-6524-4209-A597-E629D74C703D}.Debug|Any CPU.ActiveCfg = Debug|Any CPU
		{0CB5B668-6524-4209-A597-E629D74C703D}.Debug|Any CPU.Build.0 = Debug|Any CPU
		{0CB5B668-6524-4209-A597-E629D74C703D}.Debug|x64.ActiveCfg = Debug|Any CPU
		{0CB5B668-6524-4209-A597-E629D74C703D}.Debug|x64.Build.0 = Debug|Any CPU
		{0CB5B668-6524-4209-A597-E629D74C703D}.Debug|x86.ActiveCfg = Debug|Any CPU
		{0CB5B668-6524-4209-A597-E629D74C703D}.Debug|x86.Build.0 = Debug|Any CPU
		{0CB5B668-6524-4209-A597-E629D74C703D}.Release|Any CPU.ActiveCfg = Release|Any CPU
		{0CB5B668-6524-4209-A597-E629D74C703D}.Release|Any CPU.Build.0 = Release|Any CPU
		{0CB5B668-6524-4209-A597-E629D74C703D}.Release|x64.ActiveCfg = Release|Any CPU
		{0CB5B668-6524-4209-A597-E629D74C703D}.Release|x64.Build.0 = Release|Any CPU
		{0CB5B668-6524-4209-A597-E629D74C703D}.Release|x86.ActiveCfg = Release|Any CPU
		{0CB5B668-6524-4209-A597-E629D74C703D}.Release|x86.Build.0 = Release|Any CPU
		{CDF2EDC8-573E-49B3-9BD9-200A51D4C646}.Debug|Any CPU.ActiveCfg = Debug|Any CPU
		{CDF2EDC8-573E-49B3-9BD9-200A51D4C646}.Debug|Any CPU.Build.0 = Debug|Any CPU
		{CDF2EDC8-573E-49B3-9BD9-200A51D4C646}.Debug|x64.ActiveCfg = Debug|Any CPU
		{CDF2EDC8-573E-49B3-9BD9-200A51D4C646}.Debug|x64.Build.0 = Debug|Any CPU
		{CDF2EDC8-573E-49B3-9BD9-200A51D4C646}.Debug|x86.ActiveCfg = Debug|Any CPU
		{CDF2EDC8-573E-49B3-9BD9-200A51D4C646}.Debug|x86.Build.0 = Debug|Any CPU
		{CDF2EDC8-573E-49B3-9BD9-200A51D4C646}.Release|Any CPU.ActiveCfg = Release|Any CPU
		{CDF2EDC8-573E-49B3-9BD9-200A51D4C646}.Release|Any CPU.Build.0 = Release|Any CPU
		{CDF2EDC8-573E-49B3-9BD9-200A51D4C646}.Release|x64.ActiveCfg = Release|Any CPU
		{CDF2EDC8-573E-49B3-9BD9-200A51D4C646}.Release|x64.Build.0 = Release|Any CPU
		{CDF2EDC8-573E-49B3-9BD9-200A51D4C646}.Release|x86.ActiveCfg = Release|Any CPU
		{CDF2EDC8-573E-49B3-9BD9-200A51D4C646}.Release|x86.Build.0 = Release|Any CPU
		{7F0EBD25-86CD-472D-A3F7-D7FB6DE97E6B}.Debug|Any CPU.ActiveCfg = Debug|Any CPU
		{7F0EBD25-86CD-472D-A3F7-D7FB6DE97E6B}.Debug|Any CPU.Build.0 = Debug|Any CPU
		{7F0EBD25-86CD-472D-A3F7-D7FB6DE97E6B}.Debug|x64.ActiveCfg = Debug|Any CPU
		{7F0EBD25-86CD-472D-A3F7-D7FB6DE97E6B}.Debug|x64.Build.0 = Debug|Any CPU
		{7F0EBD25-86CD-472D-A3F7-D7FB6DE97E6B}.Debug|x86.ActiveCfg = Debug|Any CPU
		{7F0EBD25-86CD-472D-A3F7-D7FB6DE97E6B}.Debug|x86.Build.0 = Debug|Any CPU
		{7F0EBD25-86CD-472D-A3F7-D7FB6DE97E6B}.Release|Any CPU.ActiveCfg = Release|Any CPU
		{7F0EBD25-86CD-472D-A3F7-D7FB6DE97E6B}.Release|Any CPU.Build.0 = Release|Any CPU
		{7F0EBD25-86CD-472D-A3F7-D7FB6DE97E6B}.Release|x64.ActiveCfg = Release|Any CPU
		{7F0EBD25-86CD-472D-A3F7-D7FB6DE97E6B}.Release|x64.Build.0 = Release|Any CPU
		{7F0EBD25-86CD-472D-A3F7-D7FB6DE97E6B}.Release|x86.ActiveCfg = Release|Any CPU
		{7F0EBD25-86CD-472D-A3F7-D7FB6DE97E6B}.Release|x86.Build.0 = Release|Any CPU
		{F8E360F7-9881-4236-8A30-9458F865E58C}.Debug|Any CPU.ActiveCfg = Debug|Any CPU
		{F8E360F7-9881-4236-8A30-9458F865E58C}.Debug|Any CPU.Build.0 = Debug|Any CPU
		{F8E360F7-9881-4236-8A30-9458F865E58C}.Debug|x64.ActiveCfg = Debug|Any CPU
		{F8E360F7-9881-4236-8A30-9458F865E58C}.Debug|x64.Build.0 = Debug|Any CPU
		{F8E360F7-9881-4236-8A30-9458F865E58C}.Debug|x86.ActiveCfg = Debug|Any CPU
		{F8E360F7-9881-4236-8A30-9458F865E58C}.Debug|x86.Build.0 = Debug|Any CPU
		{F8E360F7-9881-4236-8A30-9458F865E58C}.Release|Any CPU.ActiveCfg = Release|Any CPU
		{F8E360F7-9881-4236-8A30-9458F865E58C}.Release|Any CPU.Build.0 = Release|Any CPU
		{F8E360F7-9881-4236-8A30-9458F865E58C}.Release|x64.ActiveCfg = Release|Any CPU
		{F8E360F7-9881-4236-8A30-9458F865E58C}.Release|x64.Build.0 = Release|Any CPU
		{F8E360F7-9881-4236-8A30-9458F865E58C}.Release|x86.ActiveCfg = Release|Any CPU
		{F8E360F7-9881-4236-8A30-9458F865E58C}.Release|x86.Build.0 = Release|Any CPU
		{05FB78B1-B6F7-4CD1-96A4-28F66149C849}.Debug|Any CPU.ActiveCfg = Debug|Any CPU
		{05FB78B1-B6F7-4CD1-96A4-28F66149C849}.Debug|Any CPU.Build.0 = Debug|Any CPU
		{05FB78B1-B6F7-4CD1-96A4-28F66149C849}.Debug|x64.ActiveCfg = Debug|Any CPU
		{05FB78B1-B6F7-4CD1-96A4-28F66149C849}.Debug|x64.Build.0 = Debug|Any CPU
		{05FB78B1-B6F7-4CD1-96A4-28F66149C849}.Debug|x86.ActiveCfg = Debug|Any CPU
		{05FB78B1-B6F7-4CD1-96A4-28F66149C849}.Debug|x86.Build.0 = Debug|Any CPU
		{05FB78B1-B6F7-4CD1-96A4-28F66149C849}.Release|Any CPU.ActiveCfg = Release|Any CPU
		{05FB78B1-B6F7-4CD1-96A4-28F66149C849}.Release|Any CPU.Build.0 = Release|Any CPU
		{05FB78B1-B6F7-4CD1-96A4-28F66149C849}.Release|x64.ActiveCfg = Release|Any CPU
		{05FB78B1-B6F7-4CD1-96A4-28F66149C849}.Release|x64.Build.0 = Release|Any CPU
		{05FB78B1-B6F7-4CD1-96A4-28F66149C849}.Release|x86.ActiveCfg = Release|Any CPU
		{05FB78B1-B6F7-4CD1-96A4-28F66149C849}.Release|x86.Build.0 = Release|Any CPU
		{7F271036-9B4E-4CB4-BFA6-E8E6D8E4C4DC}.Debug|Any CPU.ActiveCfg = Debug|Any CPU
		{7F271036-9B4E-4CB4-BFA6-E8E6D8E4C4DC}.Debug|Any CPU.Build.0 = Debug|Any CPU
		{7F271036-9B4E-4CB4-BFA6-E8E6D8E4C4DC}.Debug|x64.ActiveCfg = Debug|Any CPU
		{7F271036-9B4E-4CB4-BFA6-E8E6D8E4C4DC}.Debug|x64.Build.0 = Debug|Any CPU
		{7F271036-9B4E-4CB4-BFA6-E8E6D8E4C4DC}.Debug|x86.ActiveCfg = Debug|Any CPU
		{7F271036-9B4E-4CB4-BFA6-E8E6D8E4C4DC}.Debug|x86.Build.0 = Debug|Any CPU
		{7F271036-9B4E-4CB4-BFA6-E8E6D8E4C4DC}.Release|Any CPU.ActiveCfg = Release|Any CPU
		{7F271036-9B4E-4CB4-BFA6-E8E6D8E4C4DC}.Release|Any CPU.Build.0 = Release|Any CPU
		{7F271036-9B4E-4CB4-BFA6-E8E6D8E4C4DC}.Release|x64.ActiveCfg = Release|Any CPU
		{7F271036-9B4E-4CB4-BFA6-E8E6D8E4C4DC}.Release|x64.Build.0 = Release|Any CPU
		{7F271036-9B4E-4CB4-BFA6-E8E6D8E4C4DC}.Release|x86.ActiveCfg = Release|Any CPU
		{7F271036-9B4E-4CB4-BFA6-E8E6D8E4C4DC}.Release|x86.Build.0 = Release|Any CPU
		{53046968-E6CF-424A-ADEF-A319232E0C15}.Debug|Any CPU.ActiveCfg = Debug|Any CPU
		{53046968-E6CF-424A-ADEF-A319232E0C15}.Debug|Any CPU.Build.0 = Debug|Any CPU
		{53046968-E6CF-424A-ADEF-A319232E0C15}.Debug|x64.ActiveCfg = Debug|Any CPU
		{53046968-E6CF-424A-ADEF-A319232E0C15}.Debug|x64.Build.0 = Debug|Any CPU
		{53046968-E6CF-424A-ADEF-A319232E0C15}.Debug|x86.ActiveCfg = Debug|Any CPU
		{53046968-E6CF-424A-ADEF-A319232E0C15}.Debug|x86.Build.0 = Debug|Any CPU
		{53046968-E6CF-424A-ADEF-A319232E0C15}.Release|Any CPU.ActiveCfg = Release|Any CPU
		{53046968-E6CF-424A-ADEF-A319232E0C15}.Release|Any CPU.Build.0 = Release|Any CPU
		{53046968-E6CF-424A-ADEF-A319232E0C15}.Release|x64.ActiveCfg = Release|Any CPU
		{53046968-E6CF-424A-ADEF-A319232E0C15}.Release|x64.Build.0 = Release|Any CPU
		{53046968-E6CF-424A-ADEF-A319232E0C15}.Release|x86.ActiveCfg = Release|Any CPU
		{53046968-E6CF-424A-ADEF-A319232E0C15}.Release|x86.Build.0 = Release|Any CPU
		{854CA77F-8AEE-43F2-9E80-5166275A8F6A}.Debug|Any CPU.ActiveCfg = Debug|Any CPU
		{854CA77F-8AEE-43F2-9E80-5166275A8F6A}.Debug|Any CPU.Build.0 = Debug|Any CPU
		{854CA77F-8AEE-43F2-9E80-5166275A8F6A}.Debug|x64.ActiveCfg = Debug|Any CPU
		{854CA77F-8AEE-43F2-9E80-5166275A8F6A}.Debug|x64.Build.0 = Debug|Any CPU
		{854CA77F-8AEE-43F2-9E80-5166275A8F6A}.Debug|x86.ActiveCfg = Debug|Any CPU
		{854CA77F-8AEE-43F2-9E80-5166275A8F6A}.Debug|x86.Build.0 = Debug|Any CPU
		{854CA77F-8AEE-43F2-9E80-5166275A8F6A}.Release|Any CPU.ActiveCfg = Release|Any CPU
		{854CA77F-8AEE-43F2-9E80-5166275A8F6A}.Release|Any CPU.Build.0 = Release|Any CPU
		{854CA77F-8AEE-43F2-9E80-5166275A8F6A}.Release|x64.ActiveCfg = Release|Any CPU
		{854CA77F-8AEE-43F2-9E80-5166275A8F6A}.Release|x64.Build.0 = Release|Any CPU
		{854CA77F-8AEE-43F2-9E80-5166275A8F6A}.Release|x86.ActiveCfg = Release|Any CPU
		{854CA77F-8AEE-43F2-9E80-5166275A8F6A}.Release|x86.Build.0 = Release|Any CPU
		{41600525-6C20-460F-9CED-75C0167C9005}.Debug|Any CPU.ActiveCfg = Debug|Any CPU
		{41600525-6C20-460F-9CED-75C0167C9005}.Debug|Any CPU.Build.0 = Debug|Any CPU
		{41600525-6C20-460F-9CED-75C0167C9005}.Debug|x64.ActiveCfg = Debug|Any CPU
		{41600525-6C20-460F-9CED-75C0167C9005}.Debug|x64.Build.0 = Debug|Any CPU
		{41600525-6C20-460F-9CED-75C0167C9005}.Debug|x86.ActiveCfg = Debug|Any CPU
		{41600525-6C20-460F-9CED-75C0167C9005}.Debug|x86.Build.0 = Debug|Any CPU
		{41600525-6C20-460F-9CED-75C0167C9005}.Release|Any CPU.ActiveCfg = Release|Any CPU
		{41600525-6C20-460F-9CED-75C0167C9005}.Release|Any CPU.Build.0 = Release|Any CPU
		{41600525-6C20-460F-9CED-75C0167C9005}.Release|x64.ActiveCfg = Release|Any CPU
		{41600525-6C20-460F-9CED-75C0167C9005}.Release|x64.Build.0 = Release|Any CPU
		{41600525-6C20-460F-9CED-75C0167C9005}.Release|x86.ActiveCfg = Release|Any CPU
		{41600525-6C20-460F-9CED-75C0167C9005}.Release|x86.Build.0 = Release|Any CPU
		{AAD333C3-6DC8-41FF-BC6F-E848D9D36C70}.Debug|Any CPU.ActiveCfg = Debug|Any CPU
		{AAD333C3-6DC8-41FF-BC6F-E848D9D36C70}.Debug|Any CPU.Build.0 = Debug|Any CPU
		{AAD333C3-6DC8-41FF-BC6F-E848D9D36C70}.Debug|x64.ActiveCfg = Debug|Any CPU
		{AAD333C3-6DC8-41FF-BC6F-E848D9D36C70}.Debug|x64.Build.0 = Debug|Any CPU
		{AAD333C3-6DC8-41FF-BC6F-E848D9D36C70}.Debug|x86.ActiveCfg = Debug|Any CPU
		{AAD333C3-6DC8-41FF-BC6F-E848D9D36C70}.Debug|x86.Build.0 = Debug|Any CPU
		{AAD333C3-6DC8-41FF-BC6F-E848D9D36C70}.Release|Any CPU.ActiveCfg = Release|Any CPU
		{AAD333C3-6DC8-41FF-BC6F-E848D9D36C70}.Release|Any CPU.Build.0 = Release|Any CPU
		{AAD333C3-6DC8-41FF-BC6F-E848D9D36C70}.Release|x64.ActiveCfg = Release|Any CPU
		{AAD333C3-6DC8-41FF-BC6F-E848D9D36C70}.Release|x64.Build.0 = Release|Any CPU
		{AAD333C3-6DC8-41FF-BC6F-E848D9D36C70}.Release|x86.ActiveCfg = Release|Any CPU
		{AAD333C3-6DC8-41FF-BC6F-E848D9D36C70}.Release|x86.Build.0 = Release|Any CPU
		{CA6DD378-0544-4197-A2B2-7979BC444D19}.Debug|Any CPU.ActiveCfg = Debug|Any CPU
		{CA6DD378-0544-4197-A2B2-7979BC444D19}.Debug|Any CPU.Build.0 = Debug|Any CPU
		{CA6DD378-0544-4197-A2B2-7979BC444D19}.Debug|x64.ActiveCfg = Debug|Any CPU
		{CA6DD378-0544-4197-A2B2-7979BC444D19}.Debug|x64.Build.0 = Debug|Any CPU
		{CA6DD378-0544-4197-A2B2-7979BC444D19}.Debug|x86.ActiveCfg = Debug|Any CPU
		{CA6DD378-0544-4197-A2B2-7979BC444D19}.Debug|x86.Build.0 = Debug|Any CPU
		{CA6DD378-0544-4197-A2B2-7979BC444D19}.Release|Any CPU.ActiveCfg = Release|Any CPU
		{CA6DD378-0544-4197-A2B2-7979BC444D19}.Release|Any CPU.Build.0 = Release|Any CPU
		{CA6DD378-0544-4197-A2B2-7979BC444D19}.Release|x64.ActiveCfg = Release|Any CPU
		{CA6DD378-0544-4197-A2B2-7979BC444D19}.Release|x64.Build.0 = Release|Any CPU
		{CA6DD378-0544-4197-A2B2-7979BC444D19}.Release|x86.ActiveCfg = Release|Any CPU
		{CA6DD378-0544-4197-A2B2-7979BC444D19}.Release|x86.Build.0 = Release|Any CPU
		{7789951F-6505-4E9A-A796-54A5E1DBDCFC}.Debug|Any CPU.ActiveCfg = Debug|Any CPU
		{7789951F-6505-4E9A-A796-54A5E1DBDCFC}.Debug|Any CPU.Build.0 = Debug|Any CPU
		{7789951F-6505-4E9A-A796-54A5E1DBDCFC}.Debug|x64.ActiveCfg = Debug|Any CPU
		{7789951F-6505-4E9A-A796-54A5E1DBDCFC}.Debug|x64.Build.0 = Debug|Any CPU
		{7789951F-6505-4E9A-A796-54A5E1DBDCFC}.Debug|x86.ActiveCfg = Debug|Any CPU
		{7789951F-6505-4E9A-A796-54A5E1DBDCFC}.Debug|x86.Build.0 = Debug|Any CPU
		{7789951F-6505-4E9A-A796-54A5E1DBDCFC}.Release|Any CPU.ActiveCfg = Release|Any CPU
		{7789951F-6505-4E9A-A796-54A5E1DBDCFC}.Release|Any CPU.Build.0 = Release|Any CPU
		{7789951F-6505-4E9A-A796-54A5E1DBDCFC}.Release|x64.ActiveCfg = Release|Any CPU
		{7789951F-6505-4E9A-A796-54A5E1DBDCFC}.Release|x64.Build.0 = Release|Any CPU
		{7789951F-6505-4E9A-A796-54A5E1DBDCFC}.Release|x86.ActiveCfg = Release|Any CPU
		{7789951F-6505-4E9A-A796-54A5E1DBDCFC}.Release|x86.Build.0 = Release|Any CPU
		{26877F70-487F-4D88-A8F5-F39FE0BC43F5}.Debug|Any CPU.ActiveCfg = Debug|Any CPU
		{26877F70-487F-4D88-A8F5-F39FE0BC43F5}.Debug|Any CPU.Build.0 = Debug|Any CPU
		{26877F70-487F-4D88-A8F5-F39FE0BC43F5}.Debug|x64.ActiveCfg = Debug|Any CPU
		{26877F70-487F-4D88-A8F5-F39FE0BC43F5}.Debug|x64.Build.0 = Debug|Any CPU
		{26877F70-487F-4D88-A8F5-F39FE0BC43F5}.Debug|x86.ActiveCfg = Debug|Any CPU
		{26877F70-487F-4D88-A8F5-F39FE0BC43F5}.Debug|x86.Build.0 = Debug|Any CPU
		{26877F70-487F-4D88-A8F5-F39FE0BC43F5}.Release|Any CPU.ActiveCfg = Release|Any CPU
		{26877F70-487F-4D88-A8F5-F39FE0BC43F5}.Release|Any CPU.Build.0 = Release|Any CPU
		{26877F70-487F-4D88-A8F5-F39FE0BC43F5}.Release|x64.ActiveCfg = Release|Any CPU
		{26877F70-487F-4D88-A8F5-F39FE0BC43F5}.Release|x64.Build.0 = Release|Any CPU
		{26877F70-487F-4D88-A8F5-F39FE0BC43F5}.Release|x86.ActiveCfg = Release|Any CPU
		{26877F70-487F-4D88-A8F5-F39FE0BC43F5}.Release|x86.Build.0 = Release|Any CPU
		{BAF83B13-AAC5-4E3D-8F44-C3D56894ECDB}.Debug|Any CPU.ActiveCfg = Debug|Any CPU
		{BAF83B13-AAC5-4E3D-8F44-C3D56894ECDB}.Debug|Any CPU.Build.0 = Debug|Any CPU
		{BAF83B13-AAC5-4E3D-8F44-C3D56894ECDB}.Debug|x64.ActiveCfg = Debug|Any CPU
		{BAF83B13-AAC5-4E3D-8F44-C3D56894ECDB}.Debug|x64.Build.0 = Debug|Any CPU
		{BAF83B13-AAC5-4E3D-8F44-C3D56894ECDB}.Debug|x86.ActiveCfg = Debug|Any CPU
		{BAF83B13-AAC5-4E3D-8F44-C3D56894ECDB}.Debug|x86.Build.0 = Debug|Any CPU
		{BAF83B13-AAC5-4E3D-8F44-C3D56894ECDB}.Release|Any CPU.ActiveCfg = Release|Any CPU
		{BAF83B13-AAC5-4E3D-8F44-C3D56894ECDB}.Release|Any CPU.Build.0 = Release|Any CPU
		{BAF83B13-AAC5-4E3D-8F44-C3D56894ECDB}.Release|x64.ActiveCfg = Release|Any CPU
		{BAF83B13-AAC5-4E3D-8F44-C3D56894ECDB}.Release|x64.Build.0 = Release|Any CPU
		{BAF83B13-AAC5-4E3D-8F44-C3D56894ECDB}.Release|x86.ActiveCfg = Release|Any CPU
		{BAF83B13-AAC5-4E3D-8F44-C3D56894ECDB}.Release|x86.Build.0 = Release|Any CPU
		{10BF244B-7CB7-4271-8E76-8E0BE720B50C}.Debug|Any CPU.ActiveCfg = Debug|Any CPU
		{10BF244B-7CB7-4271-8E76-8E0BE720B50C}.Debug|Any CPU.Build.0 = Debug|Any CPU
		{10BF244B-7CB7-4271-8E76-8E0BE720B50C}.Debug|x64.ActiveCfg = Debug|Any CPU
		{10BF244B-7CB7-4271-8E76-8E0BE720B50C}.Debug|x64.Build.0 = Debug|Any CPU
		{10BF244B-7CB7-4271-8E76-8E0BE720B50C}.Debug|x86.ActiveCfg = Debug|Any CPU
		{10BF244B-7CB7-4271-8E76-8E0BE720B50C}.Debug|x86.Build.0 = Debug|Any CPU
		{10BF244B-7CB7-4271-8E76-8E0BE720B50C}.Release|Any CPU.ActiveCfg = Release|Any CPU
		{10BF244B-7CB7-4271-8E76-8E0BE720B50C}.Release|Any CPU.Build.0 = Release|Any CPU
		{10BF244B-7CB7-4271-8E76-8E0BE720B50C}.Release|x64.ActiveCfg = Release|Any CPU
		{10BF244B-7CB7-4271-8E76-8E0BE720B50C}.Release|x64.Build.0 = Release|Any CPU
		{10BF244B-7CB7-4271-8E76-8E0BE720B50C}.Release|x86.ActiveCfg = Release|Any CPU
		{10BF244B-7CB7-4271-8E76-8E0BE720B50C}.Release|x86.Build.0 = Release|Any CPU
		{F82F4D3D-8353-4218-8518-2F6C8532A3D8}.Debug|Any CPU.ActiveCfg = Debug|Any CPU
		{F82F4D3D-8353-4218-8518-2F6C8532A3D8}.Debug|Any CPU.Build.0 = Debug|Any CPU
		{F82F4D3D-8353-4218-8518-2F6C8532A3D8}.Debug|x64.ActiveCfg = Debug|Any CPU
		{F82F4D3D-8353-4218-8518-2F6C8532A3D8}.Debug|x64.Build.0 = Debug|Any CPU
		{F82F4D3D-8353-4218-8518-2F6C8532A3D8}.Debug|x86.ActiveCfg = Debug|Any CPU
		{F82F4D3D-8353-4218-8518-2F6C8532A3D8}.Debug|x86.Build.0 = Debug|Any CPU
		{F82F4D3D-8353-4218-8518-2F6C8532A3D8}.Release|Any CPU.ActiveCfg = Release|Any CPU
		{F82F4D3D-8353-4218-8518-2F6C8532A3D8}.Release|Any CPU.Build.0 = Release|Any CPU
		{F82F4D3D-8353-4218-8518-2F6C8532A3D8}.Release|x64.ActiveCfg = Release|Any CPU
		{F82F4D3D-8353-4218-8518-2F6C8532A3D8}.Release|x64.Build.0 = Release|Any CPU
		{F82F4D3D-8353-4218-8518-2F6C8532A3D8}.Release|x86.ActiveCfg = Release|Any CPU
		{F82F4D3D-8353-4218-8518-2F6C8532A3D8}.Release|x86.Build.0 = Release|Any CPU
	EndGlobalSection
	GlobalSection(SolutionProperties) = preSolution
		HideSolutionNode = FALSE
	EndGlobalSection
	GlobalSection(ExtensibilityGlobals) = postSolution
		SolutionGuid = {4A83C9D1-0B8C-4E5B-8C0A-B9AEDF23DBBB}
	EndGlobalSection
EndGlobal
