
Microsoft Visual Studio Solution File, Format Version 12.00
# Visual Studio 15
VisualStudioVersion = 15.0.27428.2037
MinimumVisualStudioVersion = 10.0.40219.1
Project("{FAE04EC0-301F-11D3-BF4B-00C04F79EFBC}") = "2.1", "..\2.1\2.1.csproj", "{DFC7317F-6538-4BC7-B9FE-9DBDD246EBCF}"
EndProject
Project("{FAE04EC0-301F-11D3-BF4B-00C04F79EFBC}") = "Practice2", "practice2\Practice2.csproj", "{688309F5-362B-486C-A825-FDB8787A827B}"
EndProject
Project("{FAE04EC0-301F-11D3-BF4B-00C04F79EFBC}") = "3.1", "3.1\3.1.csproj", "{0D12A8D2-3A2E-4A8B-B793-1DB5D99C0D15}"
EndProject
Project("{FAE04EC0-301F-11D3-BF4B-00C04F79EFBC}") = "3.2", "3.2\3.2.csproj", "{C539457B-218D-46EB-9FBC-335448F4D711}"
EndProject
Project("{FAE04EC0-301F-11D3-BF4B-00C04F79EFBC}") = "3.3", "3.3\3.3.csproj", "{4C0D8B71-4FCD-4DB7-B723-E2074B9CD2FA}"
EndProject
Project("{FAE04EC0-301F-11D3-BF4B-00C04F79EFBC}") = "3.4", "3.4\3.4.csproj", "{A56D61F3-BB0D-4C6A-B88C-7B4B4D4D9380}"
EndProject
Project("{FAE04EC0-301F-11D3-BF4B-00C04F79EFBC}") = "3.5", "3.5\3.5.csproj", "{DC28D187-8269-4D94-B907-633AA7EC37DC}"
EndProject
Project("{FAE04EC0-301F-11D3-BF4B-00C04F79EFBC}") = "4.1", "4.1\4.1.csproj", "{27634434-779C-4A7D-8EAF-194814039F98}"
EndProject
Project("{FAE04EC0-301F-11D3-BF4B-00C04F79EFBC}") = "4.2", "4.2\4.2.csproj", "{6802D426-3378-4C33-8065-17F4BF15906A}"
EndProject
Project("{FAE04EC0-301F-11D3-BF4B-00C04F79EFBC}") = "4.3", "4.3\4.3.csproj", "{84C8C266-5D9E-4B63-A9DC-C1DB489123F0}"
EndProject
Project("{FAE04EC0-301F-11D3-BF4B-00C04F79EFBC}") = "4.4", "4.4\4.4.csproj", "{8EBEEB2D-DFCC-4F8C-8B96-2555DCDD742C}"
EndProject
Project("{FAE04EC0-301F-11D3-BF4B-00C04F79EFBC}") = "4.5", "4.5\4.5.csproj", "{8F3DC2E8-1E1E-42AE-A5B9-815298E40097}"
EndProject
Project("{FAE04EC0-301F-11D3-BF4B-00C04F79EFBC}") = "4.6", "4.6\4.6.csproj", "{3D887005-F575-48F8-8382-84558FFC7594}"
EndProject
Project("{FAE04EC0-301F-11D3-BF4B-00C04F79EFBC}") = "4.7", "4.7\4.7.csproj", "{3492623C-573A-40BA-A46E-131FBB38A004}"
EndProject
Project("{FAE04EC0-301F-11D3-BF4B-00C04F79EFBC}") = "4.8", "4.8\4.8.csproj", "{030AA516-AE89-407D-BC56-D40ED0E22B5C}"
EndProject
Project("{FAE04EC0-301F-11D3-BF4B-00C04F79EFBC}") = "4.9", "4.9\4.9.csproj", "{4F9255B4-27AA-4603-9471-2659A17F26F4}"
EndProject
Project("{FAE04EC0-301F-11D3-BF4B-00C04F79EFBC}") = "4.8(2)", "4.8(2)\4.8(2).csproj", "{03754527-977E-404E-AF30-24A3E35FB898}"
EndProject
Project("{FAE04EC0-301F-11D3-BF4B-00C04F79EFBC}") = "4.10", "4.10\4.10.csproj", "{48A86D26-3AED-4B0B-86E4-1556A80B4890}"
EndProject
Project("{FAE04EC0-301F-11D3-BF4B-00C04F79EFBC}") = "4.11", "4.11\4.11.csproj", "{3F02CE03-B975-4546-89B0-31B75DE5A4BE}"
EndProject
Project("{FAE04EC0-301F-11D3-BF4B-00C04F79EFBC}") = "4.12", "4.12\4.12.csproj", "{02FAFFD8-EF6A-49D2-80AB-DA32305B5706}"
EndProject
Project("{FAE04EC0-301F-11D3-BF4B-00C04F79EFBC}") = "4.13", "4.13\4.13.csproj", "{A0F00FD3-2A71-4952-A22A-6059FF24D9EA}"
EndProject
Project("{FAE04EC0-301F-11D3-BF4B-00C04F79EFBC}") = "4.14", "4.14\4.14.csproj", "{D642E94C-45D7-4A68-A40B-253FECC1C0A3}"
EndProject
Project("{FAE04EC0-301F-11D3-BF4B-00C04F79EFBC}") = "4.16", "4.16\4.16.csproj", "{0F9C5D19-B0B1-4BCA-9670-6945CC52078C}"
EndProject
Project("{FAE04EC0-301F-11D3-BF4B-00C04F79EFBC}") = "4.17", "4.17\4.17.csproj", "{44A88641-CB33-47DB-B65A-4A813348A835}"
EndProject
Project("{FAE04EC0-301F-11D3-BF4B-00C04F79EFBC}") = "4.18", "4.18\4.18.csproj", "{7FD4E5BA-53A3-44AF-9334-AD1D3750B83B}"
EndProject
Global
	GlobalSection(SolutionConfigurationPlatforms) = preSolution
		Debug|Any CPU = Debug|Any CPU
		Release|Any CPU = Release|Any CPU
	EndGlobalSection
	GlobalSection(ProjectConfigurationPlatforms) = postSolution
		{DFC7317F-6538-4BC7-B9FE-9DBDD246EBCF}.Debug|Any CPU.ActiveCfg = Debug|Any CPU
		{DFC7317F-6538-4BC7-B9FE-9DBDD246EBCF}.Debug|Any CPU.Build.0 = Debug|Any CPU
		{DFC7317F-6538-4BC7-B9FE-9DBDD246EBCF}.Release|Any CPU.ActiveCfg = Release|Any CPU
		{DFC7317F-6538-4BC7-B9FE-9DBDD246EBCF}.Release|Any CPU.Build.0 = Release|Any CPU
		{688309F5-362B-486C-A825-FDB8787A827B}.Debug|Any CPU.ActiveCfg = Debug|Any CPU
		{688309F5-362B-486C-A825-FDB8787A827B}.Debug|Any CPU.Build.0 = Debug|Any CPU
		{688309F5-362B-486C-A825-FDB8787A827B}.Release|Any CPU.ActiveCfg = Release|Any CPU
		{688309F5-362B-486C-A825-FDB8787A827B}.Release|Any CPU.Build.0 = Release|Any CPU
		{0D12A8D2-3A2E-4A8B-B793-1DB5D99C0D15}.Debug|Any CPU.ActiveCfg = Debug|Any CPU
		{0D12A8D2-3A2E-4A8B-B793-1DB5D99C0D15}.Debug|Any CPU.Build.0 = Debug|Any CPU
		{0D12A8D2-3A2E-4A8B-B793-1DB5D99C0D15}.Release|Any CPU.ActiveCfg = Release|Any CPU
		{0D12A8D2-3A2E-4A8B-B793-1DB5D99C0D15}.Release|Any CPU.Build.0 = Release|Any CPU
		{C539457B-218D-46EB-9FBC-335448F4D711}.Debug|Any CPU.ActiveCfg = Debug|Any CPU
		{C539457B-218D-46EB-9FBC-335448F4D711}.Debug|Any CPU.Build.0 = Debug|Any CPU
		{C539457B-218D-46EB-9FBC-335448F4D711}.Release|Any CPU.ActiveCfg = Release|Any CPU
		{C539457B-218D-46EB-9FBC-335448F4D711}.Release|Any CPU.Build.0 = Release|Any CPU
		{4C0D8B71-4FCD-4DB7-B723-E2074B9CD2FA}.Debug|Any CPU.ActiveCfg = Debug|Any CPU
		{4C0D8B71-4FCD-4DB7-B723-E2074B9CD2FA}.Debug|Any CPU.Build.0 = Debug|Any CPU
		{4C0D8B71-4FCD-4DB7-B723-E2074B9CD2FA}.Release|Any CPU.ActiveCfg = Release|Any CPU
		{4C0D8B71-4FCD-4DB7-B723-E2074B9CD2FA}.Release|Any CPU.Build.0 = Release|Any CPU
		{A56D61F3-BB0D-4C6A-B88C-7B4B4D4D9380}.Debug|Any CPU.ActiveCfg = Debug|Any CPU
		{A56D61F3-BB0D-4C6A-B88C-7B4B4D4D9380}.Debug|Any CPU.Build.0 = Debug|Any CPU
		{A56D61F3-BB0D-4C6A-B88C-7B4B4D4D9380}.Release|Any CPU.ActiveCfg = Release|Any CPU
		{A56D61F3-BB0D-4C6A-B88C-7B4B4D4D9380}.Release|Any CPU.Build.0 = Release|Any CPU
		{DC28D187-8269-4D94-B907-633AA7EC37DC}.Debug|Any CPU.ActiveCfg = Debug|Any CPU
		{DC28D187-8269-4D94-B907-633AA7EC37DC}.Debug|Any CPU.Build.0 = Debug|Any CPU
		{DC28D187-8269-4D94-B907-633AA7EC37DC}.Release|Any CPU.ActiveCfg = Release|Any CPU
		{DC28D187-8269-4D94-B907-633AA7EC37DC}.Release|Any CPU.Build.0 = Release|Any CPU
		{27634434-779C-4A7D-8EAF-194814039F98}.Debug|Any CPU.ActiveCfg = Debug|Any CPU
		{27634434-779C-4A7D-8EAF-194814039F98}.Debug|Any CPU.Build.0 = Debug|Any CPU
		{27634434-779C-4A7D-8EAF-194814039F98}.Release|Any CPU.ActiveCfg = Release|Any CPU
		{27634434-779C-4A7D-8EAF-194814039F98}.Release|Any CPU.Build.0 = Release|Any CPU
		{6802D426-3378-4C33-8065-17F4BF15906A}.Debug|Any CPU.ActiveCfg = Debug|Any CPU
		{6802D426-3378-4C33-8065-17F4BF15906A}.Debug|Any CPU.Build.0 = Debug|Any CPU
		{6802D426-3378-4C33-8065-17F4BF15906A}.Release|Any CPU.ActiveCfg = Release|Any CPU
		{6802D426-3378-4C33-8065-17F4BF15906A}.Release|Any CPU.Build.0 = Release|Any CPU
		{84C8C266-5D9E-4B63-A9DC-C1DB489123F0}.Debug|Any CPU.ActiveCfg = Debug|Any CPU
		{84C8C266-5D9E-4B63-A9DC-C1DB489123F0}.Debug|Any CPU.Build.0 = Debug|Any CPU
		{84C8C266-5D9E-4B63-A9DC-C1DB489123F0}.Release|Any CPU.ActiveCfg = Release|Any CPU
		{84C8C266-5D9E-4B63-A9DC-C1DB489123F0}.Release|Any CPU.Build.0 = Release|Any CPU
		{8EBEEB2D-DFCC-4F8C-8B96-2555DCDD742C}.Debug|Any CPU.ActiveCfg = Debug|Any CPU
		{8EBEEB2D-DFCC-4F8C-8B96-2555DCDD742C}.Debug|Any CPU.Build.0 = Debug|Any CPU
		{8EBEEB2D-DFCC-4F8C-8B96-2555DCDD742C}.Release|Any CPU.ActiveCfg = Release|Any CPU
		{8EBEEB2D-DFCC-4F8C-8B96-2555DCDD742C}.Release|Any CPU.Build.0 = Release|Any CPU
		{8F3DC2E8-1E1E-42AE-A5B9-815298E40097}.Debug|Any CPU.ActiveCfg = Debug|Any CPU
		{8F3DC2E8-1E1E-42AE-A5B9-815298E40097}.Debug|Any CPU.Build.0 = Debug|Any CPU
		{8F3DC2E8-1E1E-42AE-A5B9-815298E40097}.Release|Any CPU.ActiveCfg = Release|Any CPU
		{8F3DC2E8-1E1E-42AE-A5B9-815298E40097}.Release|Any CPU.Build.0 = Release|Any CPU
		{3D887005-F575-48F8-8382-84558FFC7594}.Debug|Any CPU.ActiveCfg = Debug|Any CPU
		{3D887005-F575-48F8-8382-84558FFC7594}.Debug|Any CPU.Build.0 = Debug|Any CPU
		{3D887005-F575-48F8-8382-84558FFC7594}.Release|Any CPU.ActiveCfg = Release|Any CPU
		{3D887005-F575-48F8-8382-84558FFC7594}.Release|Any CPU.Build.0 = Release|Any CPU
		{3492623C-573A-40BA-A46E-131FBB38A004}.Debug|Any CPU.ActiveCfg = Debug|Any CPU
		{3492623C-573A-40BA-A46E-131FBB38A004}.Debug|Any CPU.Build.0 = Debug|Any CPU
		{3492623C-573A-40BA-A46E-131FBB38A004}.Release|Any CPU.ActiveCfg = Release|Any CPU
		{3492623C-573A-40BA-A46E-131FBB38A004}.Release|Any CPU.Build.0 = Release|Any CPU
		{030AA516-AE89-407D-BC56-D40ED0E22B5C}.Debug|Any CPU.ActiveCfg = Debug|Any CPU
		{030AA516-AE89-407D-BC56-D40ED0E22B5C}.Debug|Any CPU.Build.0 = Debug|Any CPU
		{030AA516-AE89-407D-BC56-D40ED0E22B5C}.Release|Any CPU.ActiveCfg = Release|Any CPU
		{030AA516-AE89-407D-BC56-D40ED0E22B5C}.Release|Any CPU.Build.0 = Release|Any CPU
		{4F9255B4-27AA-4603-9471-2659A17F26F4}.Debug|Any CPU.ActiveCfg = Debug|Any CPU
		{4F9255B4-27AA-4603-9471-2659A17F26F4}.Debug|Any CPU.Build.0 = Debug|Any CPU
		{4F9255B4-27AA-4603-9471-2659A17F26F4}.Release|Any CPU.ActiveCfg = Release|Any CPU
		{4F9255B4-27AA-4603-9471-2659A17F26F4}.Release|Any CPU.Build.0 = Release|Any CPU
		{03754527-977E-404E-AF30-24A3E35FB898}.Debug|Any CPU.ActiveCfg = Debug|Any CPU
		{03754527-977E-404E-AF30-24A3E35FB898}.Debug|Any CPU.Build.0 = Debug|Any CPU
		{03754527-977E-404E-AF30-24A3E35FB898}.Release|Any CPU.ActiveCfg = Release|Any CPU
		{03754527-977E-404E-AF30-24A3E35FB898}.Release|Any CPU.Build.0 = Release|Any CPU
		{48A86D26-3AED-4B0B-86E4-1556A80B4890}.Debug|Any CPU.ActiveCfg = Debug|Any CPU
		{48A86D26-3AED-4B0B-86E4-1556A80B4890}.Debug|Any CPU.Build.0 = Debug|Any CPU
		{48A86D26-3AED-4B0B-86E4-1556A80B4890}.Release|Any CPU.ActiveCfg = Release|Any CPU
		{48A86D26-3AED-4B0B-86E4-1556A80B4890}.Release|Any CPU.Build.0 = Release|Any CPU
		{3F02CE03-B975-4546-89B0-31B75DE5A4BE}.Debug|Any CPU.ActiveCfg = Debug|Any CPU
		{3F02CE03-B975-4546-89B0-31B75DE5A4BE}.Debug|Any CPU.Build.0 = Debug|Any CPU
		{3F02CE03-B975-4546-89B0-31B75DE5A4BE}.Release|Any CPU.ActiveCfg = Release|Any CPU
		{3F02CE03-B975-4546-89B0-31B75DE5A4BE}.Release|Any CPU.Build.0 = Release|Any CPU
		{02FAFFD8-EF6A-49D2-80AB-DA32305B5706}.Debug|Any CPU.ActiveCfg = Debug|Any CPU
		{02FAFFD8-EF6A-49D2-80AB-DA32305B5706}.Debug|Any CPU.Build.0 = Debug|Any CPU
		{02FAFFD8-EF6A-49D2-80AB-DA32305B5706}.Release|Any CPU.ActiveCfg = Release|Any CPU
		{02FAFFD8-EF6A-49D2-80AB-DA32305B5706}.Release|Any CPU.Build.0 = Release|Any CPU
		{A0F00FD3-2A71-4952-A22A-6059FF24D9EA}.Debug|Any CPU.ActiveCfg = Debug|Any CPU
		{A0F00FD3-2A71-4952-A22A-6059FF24D9EA}.Debug|Any CPU.Build.0 = Debug|Any CPU
		{A0F00FD3-2A71-4952-A22A-6059FF24D9EA}.Release|Any CPU.ActiveCfg = Release|Any CPU
		{A0F00FD3-2A71-4952-A22A-6059FF24D9EA}.Release|Any CPU.Build.0 = Release|Any CPU
		{D642E94C-45D7-4A68-A40B-253FECC1C0A3}.Debug|Any CPU.ActiveCfg = Debug|Any CPU
		{D642E94C-45D7-4A68-A40B-253FECC1C0A3}.Debug|Any CPU.Build.0 = Debug|Any CPU
		{D642E94C-45D7-4A68-A40B-253FECC1C0A3}.Release|Any CPU.ActiveCfg = Release|Any CPU
		{D642E94C-45D7-4A68-A40B-253FECC1C0A3}.Release|Any CPU.Build.0 = Release|Any CPU
		{0F9C5D19-B0B1-4BCA-9670-6945CC52078C}.Debug|Any CPU.ActiveCfg = Debug|Any CPU
		{0F9C5D19-B0B1-4BCA-9670-6945CC52078C}.Debug|Any CPU.Build.0 = Debug|Any CPU
		{0F9C5D19-B0B1-4BCA-9670-6945CC52078C}.Release|Any CPU.ActiveCfg = Release|Any CPU
		{0F9C5D19-B0B1-4BCA-9670-6945CC52078C}.Release|Any CPU.Build.0 = Release|Any CPU
		{44A88641-CB33-47DB-B65A-4A813348A835}.Debug|Any CPU.ActiveCfg = Debug|Any CPU
		{44A88641-CB33-47DB-B65A-4A813348A835}.Debug|Any CPU.Build.0 = Debug|Any CPU
		{44A88641-CB33-47DB-B65A-4A813348A835}.Release|Any CPU.ActiveCfg = Release|Any CPU
		{44A88641-CB33-47DB-B65A-4A813348A835}.Release|Any CPU.Build.0 = Release|Any CPU
		{7FD4E5BA-53A3-44AF-9334-AD1D3750B83B}.Debug|Any CPU.ActiveCfg = Debug|Any CPU
		{7FD4E5BA-53A3-44AF-9334-AD1D3750B83B}.Debug|Any CPU.Build.0 = Debug|Any CPU
		{7FD4E5BA-53A3-44AF-9334-AD1D3750B83B}.Release|Any CPU.ActiveCfg = Release|Any CPU
		{7FD4E5BA-53A3-44AF-9334-AD1D3750B83B}.Release|Any CPU.Build.0 = Release|Any CPU
	EndGlobalSection
	GlobalSection(SolutionProperties) = preSolution
		HideSolutionNode = FALSE
	EndGlobalSection
	GlobalSection(ExtensibilityGlobals) = postSolution
		SolutionGuid = {4A83C9D1-0B8C-4E5B-8C0A-B9AEDF23DBBB}
	EndGlobalSection
EndGlobal
