
Microsoft Visual Studio Solution File, Format Version 12.00
# Visual Studio 15
VisualStudioVersion = 15.0.27428.2037
MinimumVisualStudioVersion = 10.0.40219.1
Project("{FAE04EC0-301F-11D3-BF4B-00C04F79EFBC}") = "Mylib", "Mylib.csproj", "{9E7FC783-3E5D-4A4E-B4B3-C72D80562DB1}"
EndProject
Project("{FAE04EC0-301F-11D3-BF4B-00C04F79EFBC}") = "ChaoM", "..\ChaoM\ChaoM.csproj", "{DEF727F4-A946-4627-8FCB-7DDA5AB855C5}"
EndProject
Global
	GlobalSection(SolutionConfigurationPlatforms) = preSolution
		Debug|Any CPU = Debug|Any CPU
		Release|Any CPU = Release|Any CPU
	EndGlobalSection
	GlobalSection(ProjectConfigurationPlatforms) = postSolution
		{9E7FC783-3E5D-4A4E-B4B3-C72D80562DB1}.Debug|Any CPU.ActiveCfg = Debug|Any CPU
		{9E7FC783-3E5D-4A4E-B4B3-C72D80562DB1}.Debug|Any CPU.Build.0 = Debug|Any CPU
		{9E7FC783-3E5D-4A4E-B4B3-C72D80562DB1}.Release|Any CPU.ActiveCfg = Release|Any CPU
		{9E7FC783-3E5D-4A4E-B4B3-C72D80562DB1}.Release|Any CPU.Build.0 = Release|Any CPU
		{DEF727F4-A946-4627-8FCB-7DDA5AB855C5}.Debug|Any CPU.ActiveCfg = Debug|Any CPU
		{DEF727F4-A946-4627-8FCB-7DDA5AB855C5}.Debug|Any CPU.Build.0 = Debug|Any CPU
		{DEF727F4-A946-4627-8FCB-7DDA5AB855C5}.Release|Any CPU.ActiveCfg = Release|Any CPU
		{DEF727F4-A946-4627-8FCB-7DDA5AB855C5}.Release|Any CPU.Build.0 = Release|Any CPU
	EndGlobalSection
	GlobalSection(SolutionProperties) = preSolution
		HideSolutionNode = FALSE
	EndGlobalSection
	GlobalSection(ExtensibilityGlobals) = postSolution
		SolutionGuid = {89919955-EA68-4A41-ADD7-998CD62F0CBD}
	EndGlobalSection
EndGlobal
